// !$*UTF8*$!
{
	archiveVersion = 1;
	classes = {
	};
	objectVersion = 77;
	objects = {

/* Begin PBXBuildFile section */
		787CA023E4FE5452C8B3D0DE /* KitsunebiAnalyzerTests.swift in Sources */ = {isa = PBXBuildFile; fileRef = 7E98970C2DAAD137DC389549 /* KitsunebiAnalyzerTests.swift */; };
		B58563AF89B5894026F925E4 /* TobariView.swift in Sources */ = {isa = PBXBuildFile; fileRef = FDF097A0028CDA64CFBA7F8A /* TobariView.swift */; };
		C3CC71C37266A61AFD475C2A /* KitsunebiAnalyzer.swift in Sources */ = {isa = PBXBuildFile; fileRef = 0887E1A6BCF5C19B5BAE1389 /* KitsunebiAnalyzer.swift */; };
		2564B48BDB301D4C221EEB6F /* TobariMetrics.swift in Sources */ = {isa = PBXBuildFile; fileRef = D743EA7D320EF3CBF2BBD50B /* TobariMetrics.swift */; };
		D8A61D8E1FE17B857877CFFF /* ParadeQAArtifactTests.swift in Sources */ = {isa = PBXBuildFile; fileRef = FA1130E67D07919EBEE5AAED /* ParadeQAArtifactTests.swift */; };
		E6F704DF7E1C372CA1160B0B /* ParadeSpriteContractTests.swift in Sources */ = {isa = PBXBuildFile; fileRef = AEEADC11A0C18958A260CD7B /* ParadeSpriteContractTests.swift */; };
		787995BB5FEE366F1D7C656B /* HitotsumeSprite.swift in Sources */ = {isa = PBXBuildFile; fileRef = 15D99DCD921C049DFC677FE5 /* HitotsumeSprite.swift */; };
		27B7676A4BC184B58323EC4C /* BiwaBokubokuSprite.swift in Sources */ = {isa = PBXBuildFile; fileRef = 87F18DC2FF2B375DB5F1E022 /* BiwaBokubokuSprite.swift */; };
		C86D685061115CF9A3E31F80 /* YukiOnnaSprite.swift in Sources */ = {isa = PBXBuildFile; fileRef = B7FDCFB3DF8EC0D26DBCCBC5 /* YukiOnnaSprite.swift */; };
		0D2A4DC80B22D1A521672A80 /* TenguSprite.swift in Sources */ = {isa = PBXBuildFile; fileRef = 792D7351BD947E833CB3B749 /* TenguSprite.swift */; };
		CBF4CB17F3B5F98ED5A57E75 /* KitsunebiSprite.swift in Sources */ = {isa = PBXBuildFile; fileRef = 33DF7EFB6E6F7E0F67ABE4CA /* KitsunebiSprite.swift */; };
		FBEBEDA9583923AC09842C32 /* KappaSprite.swift in Sources */ = {isa = PBXBuildFile; fileRef = 2B86B3A5E597A7CA708C62AD /* KappaSprite.swift */; };
		1191402B0D6D806C47D5B57E /* MokugyoSprite.swift in Sources */ = {isa = PBXBuildFile; fileRef = 0FEACD8457782914E9D9EA12 /* MokugyoSprite.swift */; };
		3ED3AB97C7F40C08CF2D87D0 /* OniSprite.swift in Sources */ = {isa = PBXBuildFile; fileRef = F43DFE8382B8AB664C412C0A /* OniSprite.swift */; };
		136A42DFE6E979D39D727986 /* PixelSprites.swift in Sources */ = {isa = PBXBuildFile; fileRef = 4044CF17D5AC4B92CC0F3C3B /* PixelSprites.swift */; };
		6ACB2C6C0895CF954E44BC10 /* KarakasaSprite.swift in Sources */ = {isa = PBXBuildFile; fileRef = 6389ED07ADB58D318A07CB3C /* KarakasaSprite.swift */; };
		250E9A7346FB7374DD1960B8 /* DesignTokens.swift in Sources */ = {isa = PBXBuildFile; fileRef = D79B2B99B83398BAB69DC334 /* DesignTokens.swift */; };
		5BD6A15264C17984A0B07F0B /* ParadeSignal.swift in Sources */ = {isa = PBXBuildFile; fileRef = 58E26516089682AF3581DD42 /* ParadeSignal.swift */; };
		50723FFDABDE8219969C9C02 /* UshimitsuWatch.swift in Sources */ = {isa = PBXBuildFile; fileRef = 66DE83FC0E7196105934F455 /* UshimitsuWatch.swift */; };
		A473E640BC086F2589647E53 /* YagyoParadeView.swift in Sources */ = {isa = PBXBuildFile; fileRef = B7D9E5953E0F9E6CC85DBCA3 /* YagyoParadeView.swift */; };
		E6B9F104D2C3587AB5F92345 /* ParadePreviewHarness.swift in Sources */ = {isa = PBXBuildFile; fileRef = D5A8E0F3C1B24769A4E81234 /* ParadePreviewHarness.swift */; };
		6AB494FB98028D7497DCC50C /* MusicKit.framework in Frameworks */ = {isa = PBXBuildFile; fileRef = 301E9CBCD2076B4C94F2C87F /* MusicKit.framework */; };
		6CF615A930DE9D845F3F57C3 /* PlaybackController.swift in Sources */ = {isa = PBXBuildFile; fileRef = B81C4BE9E308A1B398FCC749 /* PlaybackController.swift */; };
		61C8D2E4F5A697B8031D4E6F /* ParadeSignalCoordinator.swift in Sources */ = {isa = PBXBuildFile; fileRef = A6F3C1D8E5B74029C4A791DE /* ParadeSignalCoordinator.swift */; };
		8D11AB6599E537AB3E159AEF /* AudioTrackTests.swift in Sources */ = {isa = PBXBuildFile; fileRef = 25089FD8B7B3584C1950CD9B /* AudioTrackTests.swift */; };
		9A1B2C3D4E5F60718293A4B5 /* AudioLibraryStoreTests.swift in Sources */ = {isa = PBXBuildFile; fileRef = 1F2E3D4C5B6A798081920A3B /* AudioLibraryStoreTests.swift */; };
		3F8A2C1D9B4E5678AFC01234 /* PlaybackControllerTests.swift in Sources */ = {isa = PBXBuildFile; fileRef = 3F8A2C1D9B4E5678AFC05678 /* PlaybackControllerTests.swift */; };
		4D0B17E8F1C6423B9A51D02C /* LibraryConfidenceTests.swift in Sources */ = {isa = PBXBuildFile; fileRef = 9B63C5A4D8E142719F0A6B32 /* LibraryConfidenceTests.swift */; };
		D3E8F1A5C7B24069E4D2A8F6 /* KarakasaQAArtifactTests.swift in Sources */ = {isa = PBXBuildFile; fileRef = 7A4B2C9D1E6F8035A8B7C4D2 /* KarakasaQAArtifactTests.swift */; };
		B4CD88C51960CB356BFE9C19 /* ParadeSignalReducerTests.swift in Sources */ = {isa = PBXBuildFile; fileRef = E9EF0E58BD669BF9DC7082D3 /* ParadeSignalReducerTests.swift */; };
		29FD40AE7C156B83D904E2F1 /* ParadeSignalCoordinatorTests.swift in Sources */ = {isa = PBXBuildFile; fileRef = C7E4A1B8923D4F56A709BCDE /* ParadeSignalCoordinatorTests.swift */; };
		5CDD9938B803D6247E94C371 /* PixelSpriteContractTests.swift in Sources */ = {isa = PBXBuildFile; fileRef = F8C546B469F4E3D3228C418D /* PixelSpriteContractTests.swift */; };
		A703B0828489B95B8B9FB869 /* YagyoPlayerApp.swift in Sources */ = {isa = PBXBuildFile; fileRef = 25C215A13FBD2FF5FA19ECFB /* YagyoPlayerApp.swift */; };
		B19BADCB0624C48620272C1D /* VisualComponents.swift in Sources */ = {isa = PBXBuildFile; fileRef = B13D8A65B01B04F9BD642237 /* VisualComponents.swift */; };
		B4C130EA40CACEAF7872EDED /* YagyoPlayerIntents.swift in Sources */ = {isa = PBXBuildFile; fileRef = 025BE94FAA9D790E8896BF44 /* YagyoPlayerIntents.swift */; };
		E1F12D8AB5237C46EB410996 /* AVFoundation.framework in Frameworks */ = {isa = PBXBuildFile; fileRef = 7FEEC5F390CD3E9B6E288C6F /* AVFoundation.framework */; };
		E208F7A31178FF01D3AF158D /* AppRouter.swift in Sources */ = {isa = PBXBuildFile; fileRef = DDC21A8FC3FC543E1CAE93C0 /* AppRouter.swift */; };
		E94E4371E099F8F5F912DF8E /* AudioLibraryStore.swift in Sources */ = {isa = PBXBuildFile; fileRef = 33D8F8BED25A829B3E5EF537 /* AudioLibraryStore.swift */; };
		ED30E11EDA4E3545119F08D0 /* AudioTrack.swift in Sources */ = {isa = PBXBuildFile; fileRef = 76389A5952E76C7CE5A22B96 /* AudioTrack.swift */; };
		5C4B3A2918070F6E5D4C3B2A /* Playlist.swift in Sources */ = {isa = PBXBuildFile; fileRef = A1B2C3D4E5F60718293A4B5C /* Playlist.swift */; };
		6D5C4B3A2918070F6E5D4C3B /* PlaylistSection.swift in Sources */ = {isa = PBXBuildFile; fileRef = B2C3D4E5F60718293A4B5C6D /* PlaylistSection.swift */; };
		7E6D5C4B3A2918070F6E5D4C /* PlaylistTests.swift in Sources */ = {isa = PBXBuildFile; fileRef = C3D4E5F60718293A4B5C6D7E /* PlaylistTests.swift */; };
		A8949AA41A1CB98A1CDA2BA2 /* YokaiResidency.swift in Sources */ = {isa = PBXBuildFile; fileRef = 5517F1D3862B56B64A6F36B6 /* YokaiResidency.swift */; };
		4A49F2C2AE9465A59D0019F9 /* YokaiResidencyTests.swift in Sources */ = {isa = PBXBuildFile; fileRef = FF7DA41CFBDA8507D6137D9B /* YokaiResidencyTests.swift */; };
		F553274643EE8B8A838C9B97 /* ContentView.swift in Sources */ = {isa = PBXBuildFile; fileRef = 2A3693A3D5090FDEC93959BD /* ContentView.swift */; };
		F9991556DDF047A16C7EABDD /* MediaPlayer.framework in Frameworks */ = {isa = PBXBuildFile; fileRef = 66B26F6B600C8B8FB1995EFA /* MediaPlayer.framework */; };
		FAF6648B6E5D6DFA7E4E2B98 /* AppIntents.framework in Frameworks */ = {isa = PBXBuildFile; fileRef = 7C108546297C058BDF30B16F /* AppIntents.framework */; };
/* End PBXBuildFile section */

/* Begin PBXContainerItemProxy section */
		0D3D16D39FD3B9E1CD06C5DF /* PBXContainerItemProxy */ = {
			isa = PBXContainerItemProxy;
			containerPortal = CF8CB9810328B181900DCC11 /* Project object */;
			proxyType = 1;
			remoteGlobalIDString = 40BC8A4B934A441D483F9151;
			remoteInfo = YagyoPlayer;
		};
/* End PBXContainerItemProxy section */

/* Begin PBXFileReference section */
		7E98970C2DAAD137DC389549 /* KitsunebiAnalyzerTests.swift */ = {isa = PBXFileReference; lastKnownFileType = sourcecode.swift; path = KitsunebiAnalyzerTests.swift; sourceTree = "<group>"; };
		FDF097A0028CDA64CFBA7F8A /* TobariView.swift */ = {isa = PBXFileReference; lastKnownFileType = sourcecode.swift; path = TobariView.swift; sourceTree = "<group>"; };
		0887E1A6BCF5C19B5BAE1389 /* KitsunebiAnalyzer.swift */ = {isa = PBXFileReference; lastKnownFileType = sourcecode.swift; path = KitsunebiAnalyzer.swift; sourceTree = "<group>"; };
		D743EA7D320EF3CBF2BBD50B /* TobariMetrics.swift */ = {isa = PBXFileReference; lastKnownFileType = sourcecode.swift; path = TobariMetrics.swift; sourceTree = "<group>"; };
		FA1130E67D07919EBEE5AAED /* ParadeQAArtifactTests.swift */ = {isa = PBXFileReference; lastKnownFileType = sourcecode.swift; path = ParadeQAArtifactTests.swift; sourceTree = "<group>"; };
		AEEADC11A0C18958A260CD7B /* ParadeSpriteContractTests.swift */ = {isa = PBXFileReference; lastKnownFileType = sourcecode.swift; path = ParadeSpriteContractTests.swift; sourceTree = "<group>"; };
		15D99DCD921C049DFC677FE5 /* HitotsumeSprite.swift */ = {isa = PBXFileReference; lastKnownFileType = sourcecode.swift; path = HitotsumeSprite.swift; sourceTree = "<group>"; };
		87F18DC2FF2B375DB5F1E022 /* BiwaBokubokuSprite.swift */ = {isa = PBXFileReference; lastKnownFileType = sourcecode.swift; path = BiwaBokubokuSprite.swift; sourceTree = "<group>"; };
		B7FDCFB3DF8EC0D26DBCCBC5 /* YukiOnnaSprite.swift */ = {isa = PBXFileReference; lastKnownFileType = sourcecode.swift; path = YukiOnnaSprite.swift; sourceTree = "<group>"; };
		792D7351BD947E833CB3B749 /* TenguSprite.swift */ = {isa = PBXFileReference; lastKnownFileType = sourcecode.swift; path = TenguSprite.swift; sourceTree = "<group>"; };
		33DF7EFB6E6F7E0F67ABE4CA /* KitsunebiSprite.swift */ = {isa = PBXFileReference; lastKnownFileType = sourcecode.swift; path = KitsunebiSprite.swift; sourceTree = "<group>"; };
		2B86B3A5E597A7CA708C62AD /* KappaSprite.swift */ = {isa = PBXFileReference; lastKnownFileType = sourcecode.swift; path = KappaSprite.swift; sourceTree = "<group>"; };
		0FEACD8457782914E9D9EA12 /* MokugyoSprite.swift */ = {isa = PBXFileReference; lastKnownFileType = sourcecode.swift; path = MokugyoSprite.swift; sourceTree = "<group>"; };
		F43DFE8382B8AB664C412C0A /* OniSprite.swift */ = {isa = PBXFileReference; lastKnownFileType = sourcecode.swift; path = OniSprite.swift; sourceTree = "<group>"; };
		025BE94FAA9D790E8896BF44 /* YagyoPlayerIntents.swift */ = {isa = PBXFileReference; lastKnownFileType = sourcecode.swift; path = YagyoPlayerIntents.swift; sourceTree = "<group>"; };
		25089FD8B7B3584C1950CD9B /* AudioTrackTests.swift */ = {isa = PBXFileReference; lastKnownFileType = sourcecode.swift; path = AudioTrackTests.swift; sourceTree = "<group>"; };
		1F2E3D4C5B6A798081920A3B /* AudioLibraryStoreTests.swift */ = {isa = PBXFileReference; lastKnownFileType = sourcecode.swift; path = AudioLibraryStoreTests.swift; sourceTree = "<group>"; };
		3F8A2C1D9B4E5678AFC05678 /* PlaybackControllerTests.swift */ = {isa = PBXFileReference; lastKnownFileType = sourcecode.swift; path = PlaybackControllerTests.swift; sourceTree = "<group>"; };
		9B63C5A4D8E142719F0A6B32 /* LibraryConfidenceTests.swift */ = {isa = PBXFileReference; lastKnownFileType = sourcecode.swift; path = LibraryConfidenceTests.swift; sourceTree = "<group>"; };
		7A4B2C9D1E6F8035A8B7C4D2 /* KarakasaQAArtifactTests.swift */ = {isa = PBXFileReference; lastKnownFileType = sourcecode.swift; path = KarakasaQAArtifactTests.swift; sourceTree = "<group>"; };
		25C215A13FBD2FF5FA19ECFB /* YagyoPlayerApp.swift */ = {isa = PBXFileReference; lastKnownFileType = sourcecode.swift; path = YagyoPlayerApp.swift; sourceTree = "<group>"; };
		2A3693A3D5090FDEC93959BD /* ContentView.swift */ = {isa = PBXFileReference; lastKnownFileType = sourcecode.swift; path = ContentView.swift; sourceTree = "<group>"; };
		58E26516089682AF3581DD42 /* ParadeSignal.swift */ = {isa = PBXFileReference; lastKnownFileType = sourcecode.swift; path = ParadeSignal.swift; sourceTree = "<group>"; };
		301E9CBCD2076B4C94F2C87F /* MusicKit.framework */ = {isa = PBXFileReference; lastKnownFileType = wrapper.framework; name = MusicKit.framework; path = System/Library/Frameworks/MusicKit.framework; sourceTree = SDKROOT; };
		33D8F8BED25A829B3E5EF537 /* AudioLibraryStore.swift */ = {isa = PBXFileReference; lastKnownFileType = sourcecode.swift; path = AudioLibraryStore.swift; sourceTree = "<group>"; };
		4044CF17D5AC4B92CC0F3C3B /* PixelSprites.swift */ = {isa = PBXFileReference; lastKnownFileType = sourcecode.swift; path = PixelSprites.swift; sourceTree = "<group>"; };
		6389ED07ADB58D318A07CB3C /* KarakasaSprite.swift */ = {isa = PBXFileReference; lastKnownFileType = sourcecode.swift; path = KarakasaSprite.swift; sourceTree = "<group>"; };
		66DE83FC0E7196105934F455 /* UshimitsuWatch.swift */ = {isa = PBXFileReference; lastKnownFileType = sourcecode.swift; path = UshimitsuWatch.swift; sourceTree = "<group>"; };
		B7D9E5953E0F9E6CC85DBCA3 /* YagyoParadeView.swift */ = {isa = PBXFileReference; lastKnownFileType = sourcecode.swift; path = YagyoParadeView.swift; sourceTree = "<group>"; };
		D5A8E0F3C1B24769A4E81234 /* ParadePreviewHarness.swift */ = {isa = PBXFileReference; lastKnownFileType = sourcecode.swift; path = ParadePreviewHarness.swift; sourceTree = "<group>"; };
		52B6474115C670A861E1F6EC /* YagyoPlayer.app */ = {isa = PBXFileReference; includeInIndex = 0; lastKnownFileType = wrapper.application; path = YagyoPlayer.app; sourceTree = BUILT_PRODUCTS_DIR; };
		66B26F6B600C8B8FB1995EFA /* MediaPlayer.framework */ = {isa = PBXFileReference; lastKnownFileType = wrapper.framework; name = MediaPlayer.framework; path = System/Library/Frameworks/MediaPlayer.framework; sourceTree = SDKROOT; };
		76389A5952E76C7CE5A22B96 /* AudioTrack.swift */ = {isa = PBXFileReference; lastKnownFileType = sourcecode.swift; path = AudioTrack.swift; sourceTree = "<group>"; };
		A1B2C3D4E5F60718293A4B5C /* Playlist.swift */ = {isa = PBXFileReference; lastKnownFileType = sourcecode.swift; path = Playlist.swift; sourceTree = "<group>"; };
		B2C3D4E5F60718293A4B5C6D /* PlaylistSection.swift */ = {isa = PBXFileReference; lastKnownFileType = sourcecode.swift; path = PlaylistSection.swift; sourceTree = "<group>"; };
		C3D4E5F60718293A4B5C6D7E /* PlaylistTests.swift */ = {isa = PBXFileReference; lastKnownFileType = sourcecode.swift; path = PlaylistTests.swift; sourceTree = "<group>"; };
		7C108546297C058BDF30B16F /* AppIntents.framework */ = {isa = PBXFileReference; lastKnownFileType = wrapper.framework; name = AppIntents.framework; path = System/Library/Frameworks/AppIntents.framework; sourceTree = SDKROOT; };
		7FEEC5F390CD3E9B6E288C6F /* AVFoundation.framework */ = {isa = PBXFileReference; lastKnownFileType = wrapper.framework; name = AVFoundation.framework; path = System/Library/Frameworks/AVFoundation.framework; sourceTree = SDKROOT; };
		817E3E6F64CD12B7179418DF /* Info.plist */ = {isa = PBXFileReference; lastKnownFileType = text.plist; path = Info.plist; sourceTree = "<group>"; };
		E9EF0E58BD669BF9DC7082D3 /* ParadeSignalReducerTests.swift */ = {isa = PBXFileReference; lastKnownFileType = sourcecode.swift; path = ParadeSignalReducerTests.swift; sourceTree = "<group>"; };
		C7E4A1B8923D4F56A709BCDE /* ParadeSignalCoordinatorTests.swift */ = {isa = PBXFileReference; lastKnownFileType = sourcecode.swift; path = ParadeSignalCoordinatorTests.swift; sourceTree = "<group>"; };
		B13D8A65B01B04F9BD642237 /* VisualComponents.swift */ = {isa = PBXFileReference; lastKnownFileType = sourcecode.swift; path = VisualComponents.swift; sourceTree = "<group>"; };
		B81C4BE9E308A1B398FCC749 /* PlaybackController.swift */ = {isa = PBXFileReference; lastKnownFileType = sourcecode.swift; path = PlaybackController.swift; sourceTree = "<group>"; };
		A6F3C1D8E5B74029C4A791DE /* ParadeSignalCoordinator.swift */ = {isa = PBXFileReference; lastKnownFileType = sourcecode.swift; path = ParadeSignalCoordinator.swift; sourceTree = "<group>"; };
		D79B2B99B83398BAB69DC334 /* DesignTokens.swift */ = {isa = PBXFileReference; lastKnownFileType = sourcecode.swift; path = DesignTokens.swift; sourceTree = "<group>"; };
		DDC21A8FC3FC543E1CAE93C0 /* AppRouter.swift */ = {isa = PBXFileReference; lastKnownFileType = sourcecode.swift; path = AppRouter.swift; sourceTree = "<group>"; };
		E3041BBBEE3EE97F35C80624 /* YagyoPlayerTests.xctest */ = {isa = PBXFileReference; includeInIndex = 0; lastKnownFileType = wrapper.cfbundle; path = YagyoPlayerTests.xctest; sourceTree = BUILT_PRODUCTS_DIR; };
		EA706A94AFF32D4A08A9A32F /* Info.plist */ = {isa = PBXFileReference; lastKnownFileType = text.plist; path = Info.plist; sourceTree = "<group>"; };
		5517F1D3862B56B64A6F36B6 /* YokaiResidency.swift */ = {isa = PBXFileReference; lastKnownFileType = sourcecode.swift; path = YokaiResidency.swift; sourceTree = "<group>"; };
		FF7DA41CFBDA8507D6137D9B /* YokaiResidencyTests.swift */ = {isa = PBXFileReference; lastKnownFileType = sourcecode.swift; path = YokaiResidencyTests.swift; sourceTree = "<group>"; };
		F8C546B469F4E3D3228C418D /* PixelSpriteContractTests.swift */ = {isa = PBXFileReference; lastKnownFileType = sourcecode.swift; path = PixelSpriteContractTests.swift; sourceTree = "<group>"; };
/* End PBXFileReference section */

/* Begin PBXFrameworksBuildPhase section */
		1594231853BD2D3BACEC17AD /* Frameworks */ = {
			isa = PBXFrameworksBuildPhase;
			buildActionMask = 2147483647;
			files = (
				E1F12D8AB5237C46EB410996 /* AVFoundation.framework in Frameworks */,
				F9991556DDF047A16C7EABDD /* MediaPlayer.framework in Frameworks */,
				6AB494FB98028D7497DCC50C /* MusicKit.framework in Frameworks */,
				FAF6648B6E5D6DFA7E4E2B98 /* AppIntents.framework in Frameworks */,
			);
			runOnlyForDeploymentPostprocessing = 0;
		};
/* End PBXFrameworksBuildPhase section */

/* Begin PBXGroup section */
		2905E51C924926504868ECF7 /* Frameworks */ = {
			isa = PBXGroup;
			children = (
				7C108546297C058BDF30B16F /* AppIntents.framework */,
				7FEEC5F390CD3E9B6E288C6F /* AVFoundation.framework */,
				66B26F6B600C8B8FB1995EFA /* MediaPlayer.framework */,
				301E9CBCD2076B4C94F2C87F /* MusicKit.framework */,
			);
			name = Frameworks;
			sourceTree = "<group>";
		};
		46D09D35FB3796467FB77045 /* Support */ = {
			isa = PBXGroup;
			children = (
				DDC21A8FC3FC543E1CAE93C0 /* AppRouter.swift */,
				D79B2B99B83398BAB69DC334 /* DesignTokens.swift */,
				66DE83FC0E7196105934F455 /* UshimitsuWatch.swift */,
			);
			path = Support;
			sourceTree = "<group>";
		};
		9107913FF838CD33DB0B5CD7 = {
			isa = PBXGroup;
			children = (
				97FCC1944622139E6A50FB14 /* YagyoPlayer */,
				E513368DB58CA9D28D6F55F9 /* YagyoPlayerTests */,
				2905E51C924926504868ECF7 /* Frameworks */,
				EB1A7F895A7907D277D0D6F6 /* Products */,
			);
			sourceTree = "<group>";
		};
		93A657406EDC74EC63CF6A6E /* Views */ = {
			isa = PBXGroup;
			children = (
				2A3693A3D5090FDEC93959BD /* ContentView.swift */,
				6389ED07ADB58D318A07CB3C /* KarakasaSprite.swift */,
				FDF097A0028CDA64CFBA7F8A /* TobariView.swift */,
				15D99DCD921C049DFC677FE5 /* HitotsumeSprite.swift */,
				87F18DC2FF2B375DB5F1E022 /* BiwaBokubokuSprite.swift */,
				B7FDCFB3DF8EC0D26DBCCBC5 /* YukiOnnaSprite.swift */,
				792D7351BD947E833CB3B749 /* TenguSprite.swift */,
				33DF7EFB6E6F7E0F67ABE4CA /* KitsunebiSprite.swift */,
				2B86B3A5E597A7CA708C62AD /* KappaSprite.swift */,
				0FEACD8457782914E9D9EA12 /* MokugyoSprite.swift */,
				F43DFE8382B8AB664C412C0A /* OniSprite.swift */,
				D5A8E0F3C1B24769A4E81234 /* ParadePreviewHarness.swift */,
				4044CF17D5AC4B92CC0F3C3B /* PixelSprites.swift */,
				B2C3D4E5F60718293A4B5C6D /* PlaylistSection.swift */,
				B13D8A65B01B04F9BD642237 /* VisualComponents.swift */,
				B7D9E5953E0F9E6CC85DBCA3 /* YagyoParadeView.swift */,
			);
			path = Views;
			sourceTree = "<group>";
		};
		97FCC1944622139E6A50FB14 /* YagyoPlayer */ = {
			isa = PBXGroup;
			children = (
				EA706A94AFF32D4A08A9A32F /* Info.plist */,
				25C215A13FBD2FF5FA19ECFB /* YagyoPlayerApp.swift */,
				CF410E415ACC3F8C3E52F9F0 /* Intents */,
				F0F88FD17940D815B43BB257 /* Models */,
				DAA607FD6A61C2602213E678 /* Services */,
				46D09D35FB3796467FB77045 /* Support */,
				93A657406EDC74EC63CF6A6E /* Views */,
			);
			path = YagyoPlayer;
			sourceTree = "<group>";
		};
		CF410E415ACC3F8C3E52F9F0 /* Intents */ = {
			isa = PBXGroup;
			children = (
				025BE94FAA9D790E8896BF44 /* YagyoPlayerIntents.swift */,
			);
			path = Intents;
			sourceTree = "<group>";
		};
		DAA607FD6A61C2602213E678 /* Services */ = {
			isa = PBXGroup;
			children = (
				33D8F8BED25A829B3E5EF537 /* AudioLibraryStore.swift */,
				A6F3C1D8E5B74029C4A791DE /* ParadeSignalCoordinator.swift */,
				B81C4BE9E308A1B398FCC749 /* PlaybackController.swift */,
				0887E1A6BCF5C19B5BAE1389 /* KitsunebiAnalyzer.swift */,
			);
			path = Services;
			sourceTree = "<group>";
		};
		E513368DB58CA9D28D6F55F9 /* YagyoPlayerTests */ = {
			isa = PBXGroup;
			children = (
				25089FD8B7B3584C1950CD9B /* AudioTrackTests.swift */,
				1F2E3D4C5B6A798081920A3B /* AudioLibraryStoreTests.swift */,
				9B63C5A4D8E142719F0A6B32 /* LibraryConfidenceTests.swift */,
				7A4B2C9D1E6F8035A8B7C4D2 /* KarakasaQAArtifactTests.swift */,
				C7E4A1B8923D4F56A709BCDE /* ParadeSignalCoordinatorTests.swift */,
				E9EF0E58BD669BF9DC7082D3 /* ParadeSignalReducerTests.swift */,
				F8C546B469F4E3D3228C418D /* PixelSpriteContractTests.swift */,
				7E98970C2DAAD137DC389549 /* KitsunebiAnalyzerTests.swift */,
				FA1130E67D07919EBEE5AAED /* ParadeQAArtifactTests.swift */,
				AEEADC11A0C18958A260CD7B /* ParadeSpriteContractTests.swift */,
				3F8A2C1D9B4E5678AFC05678 /* PlaybackControllerTests.swift */,
				817E3E6F64CD12B7179418DF /* Info.plist */,
				C3D4E5F60718293A4B5C6D7E /* PlaylistTests.swift */,
				FF7DA41CFBDA8507D6137D9B /* YokaiResidencyTests.swift */,
			);
			path = YagyoPlayerTests;
			sourceTree = "<group>";
		};
		EB1A7F895A7907D277D0D6F6 /* Products */ = {
			isa = PBXGroup;
			children = (
				52B6474115C670A861E1F6EC /* YagyoPlayer.app */,
				E3041BBBEE3EE97F35C80624 /* YagyoPlayerTests.xctest */,
			);
			name = Products;
			sourceTree = "<group>";
		};
		F0F88FD17940D815B43BB257 /* Models */ = {
			isa = PBXGroup;
			children = (
				76389A5952E76C7CE5A22B96 /* AudioTrack.swift */,
				58E26516089682AF3581DD42 /* ParadeSignal.swift */,
				A1B2C3D4E5F60718293A4B5C /* Playlist.swift */,
				5517F1D3862B56B64A6F36B6 /* YokaiResidency.swift */,
				D743EA7D320EF3CBF2BBD50B /* TobariMetrics.swift */,
			);
			path = Models;
			sourceTree = "<group>";
		};
/* End PBXGroup section */

/* Begin PBXNativeTarget section */
		40BC8A4B934A441D483F9151 /* YagyoPlayer */ = {
			isa = PBXNativeTarget;
			buildConfigurationList = F55F04C9E29F856C395DA820 /* Build configuration list for PBXNativeTarget "YagyoPlayer" */;
			buildPhases = (
				B3A5B20598C2FB3AC113FD0B /* Sources */,
				1594231853BD2D3BACEC17AD /* Frameworks */,
			);
			buildRules = (
			);
			dependencies = (
			);
			name = YagyoPlayer;
			packageProductDependencies = (
			);
			productName = YagyoPlayer;
			productReference = 52B6474115C670A861E1F6EC /* YagyoPlayer.app */;
			productType = "com.apple.product-type.application";
		};
		D6F1D001A9F4932966B529B4 /* YagyoPlayerTests */ = {
			isa = PBXNativeTarget;
			buildConfigurationList = 82FAA49B5082355F835F648F /* Build configuration list for PBXNativeTarget "YagyoPlayerTests" */;
			buildPhases = (
				174B075A6A809C65629887D3 /* Sources */,
			);
			buildRules = (
			);
			dependencies = (
				09F05F85E10A1A2310D22DE0 /* PBXTargetDependency */,
			);
			name = YagyoPlayerTests;
			packageProductDependencies = (
			);
			productName = YagyoPlayerTests;
			productReference = E3041BBBEE3EE97F35C80624 /* YagyoPlayerTests.xctest */;
			productType = "com.apple.product-type.bundle.unit-test";
		};
/* End PBXNativeTarget section */

/* Begin PBXProject section */
		CF8CB9810328B181900DCC11 /* Project object */ = {
			isa = PBXProject;
			attributes = {
				BuildIndependentTargetsInParallel = YES;
				LastUpgradeCheck = 1430;
				TargetAttributes = {
					40BC8A4B934A441D483F9151 = {
						DevelopmentTeam = "";
						ProvisioningStyle = Automatic;
					};
					D6F1D001A9F4932966B529B4 = {
						DevelopmentTeam = "";
					};
				};
			};
			buildConfigurationList = 1D7D1BCD7A820DC04A0AAA1B /* Build configuration list for PBXProject "YagyoPlayer" */;
			developmentRegion = en;
			hasScannedForEncodings = 0;
			knownRegions = (
				Base,
				en,
			);
			mainGroup = 9107913FF838CD33DB0B5CD7;
			minimizedProjectReferenceProxies = 1;
			preferredProjectObjectVersion = 77;
			productRefGroup = EB1A7F895A7907D277D0D6F6 /* Products */;
			projectDirPath = "";
			projectRoot = "";
			targets = (
				40BC8A4B934A441D483F9151 /* YagyoPlayer */,
				D6F1D001A9F4932966B529B4 /* YagyoPlayerTests */,
			);
		};
/* End PBXProject section */

/* Begin PBXSourcesBuildPhase section */
		174B075A6A809C65629887D3 /* Sources */ = {
			isa = PBXSourcesBuildPhase;
			buildActionMask = 2147483647;
			files = (
				8D11AB6599E537AB3E159AEF /* AudioTrackTests.swift in Sources */,
				9A1B2C3D4E5F60718293A4B5 /* AudioLibraryStoreTests.swift in Sources */,
				4D0B17E8F1C6423B9A51D02C /* LibraryConfidenceTests.swift in Sources */,
				D3E8F1A5C7B24069E4D2A8F6 /* KarakasaQAArtifactTests.swift in Sources */,
				29FD40AE7C156B83D904E2F1 /* ParadeSignalCoordinatorTests.swift in Sources */,
				B4CD88C51960CB356BFE9C19 /* ParadeSignalReducerTests.swift in Sources */,
				5CDD9938B803D6247E94C371 /* PixelSpriteContractTests.swift in Sources */,
				787CA023E4FE5452C8B3D0DE /* KitsunebiAnalyzerTests.swift in Sources */,
				D8A61D8E1FE17B857877CFFF /* ParadeQAArtifactTests.swift in Sources */,
				E6F704DF7E1C372CA1160B0B /* ParadeSpriteContractTests.swift in Sources */,
				3F8A2C1D9B4E5678AFC01234 /* PlaybackControllerTests.swift in Sources */,
				7E6D5C4B3A2918070F6E5D4C /* PlaylistTests.swift in Sources */,
				4A49F2C2AE9465A59D0019F9 /* YokaiResidencyTests.swift in Sources */,
			);
			runOnlyForDeploymentPostprocessing = 0;
		};
		B3A5B20598C2FB3AC113FD0B /* Sources */ = {
			isa = PBXSourcesBuildPhase;
			buildActionMask = 2147483647;
			files = (
				E208F7A31178FF01D3AF158D /* AppRouter.swift in Sources */,
				E94E4371E099F8F5F912DF8E /* AudioLibraryStore.swift in Sources */,
				ED30E11EDA4E3545119F08D0 /* AudioTrack.swift in Sources */,
				F553274643EE8B8A838C9B97 /* ContentView.swift in Sources */,
				250E9A7346FB7374DD1960B8 /* DesignTokens.swift in Sources */,
				5BD6A15264C17984A0B07F0B /* ParadeSignal.swift in Sources */,
				6ACB2C6C0895CF954E44BC10 /* KarakasaSprite.swift in Sources */,
				B58563AF89B5894026F925E4 /* TobariView.swift in Sources */,
				787995BB5FEE366F1D7C656B /* HitotsumeSprite.swift in Sources */,
				27B7676A4BC184B58323EC4C /* BiwaBokubokuSprite.swift in Sources */,
				C86D685061115CF9A3E31F80 /* YukiOnnaSprite.swift in Sources */,
				0D2A4DC80B22D1A521672A80 /* TenguSprite.swift in Sources */,
				CBF4CB17F3B5F98ED5A57E75 /* KitsunebiSprite.swift in Sources */,
				FBEBEDA9583923AC09842C32 /* KappaSprite.swift in Sources */,
				1191402B0D6D806C47D5B57E /* MokugyoSprite.swift in Sources */,
				3ED3AB97C7F40C08CF2D87D0 /* OniSprite.swift in Sources */,
				136A42DFE6E979D39D727986 /* PixelSprites.swift in Sources */,
				61C8D2E4F5A697B8031D4E6F /* ParadeSignalCoordinator.swift in Sources */,
				6CF615A930DE9D845F3F57C3 /* PlaybackController.swift in Sources */,
				C3CC71C37266A61AFD475C2A /* KitsunebiAnalyzer.swift in Sources */,
				5C4B3A2918070F6E5D4C3B2A /* Playlist.swift in Sources */,
				6D5C4B3A2918070F6E5D4C3B /* PlaylistSection.swift in Sources */,
				50723FFDABDE8219969C9C02 /* UshimitsuWatch.swift in Sources */,
				B19BADCB0624C48620272C1D /* VisualComponents.swift in Sources */,
				A473E640BC086F2589647E53 /* YagyoParadeView.swift in Sources */,
				E6B9F104D2C3587AB5F92345 /* ParadePreviewHarness.swift in Sources */,
				A8949AA41A1CB98A1CDA2BA2 /* YokaiResidency.swift in Sources */,
				2564B48BDB301D4C221EEB6F /* TobariMetrics.swift in Sources */,
				A703B0828489B95B8B9FB869 /* YagyoPlayerApp.swift in Sources */,
				B4C130EA40CACEAF7872EDED /* YagyoPlayerIntents.swift in Sources */,
			);
			runOnlyForDeploymentPostprocessing = 0;
		};
/* End PBXSourcesBuildPhase section */

/* Begin PBXTargetDependency section */
		09F05F85E10A1A2310D22DE0 /* PBXTargetDependency */ = {
			isa = PBXTargetDependency;
			target = 40BC8A4B934A441D483F9151 /* YagyoPlayer */;
			targetProxy = 0D3D16D39FD3B9E1CD06C5DF /* PBXContainerItemProxy */;
		};
/* End PBXTargetDependency section */

/* Begin XCBuildConfiguration section */
		030C3C5E415F0B324CE85434 /* Release */ = {
			isa = XCBuildConfiguration;
			buildSettings = {
				BUNDLE_LOADER = "$(TEST_HOST)";
				INFOPLIST_FILE = YagyoPlayerTests/Info.plist;
				IPHONEOS_DEPLOYMENT_TARGET = 26.0;
				LD_RUNPATH_SEARCH_PATHS = (
					"$(inherited)",
					"@executable_path/Frameworks",
					"@loader_path/Frameworks",
				);
				PRODUCT_BUNDLE_IDENTIFIER = com.codex.yagyoplayer.tests;
				SDKROOT = iphoneos;
				TARGETED_DEVICE_FAMILY = "1,2";
				TEST_HOST = "$(BUILT_PRODUCTS_DIR)/YagyoPlayer.app/YagyoPlayer";
			};
			name = Release;
		};
		0C75C7C28F69CBC8C17BAE83 /* Release */ = {
			isa = XCBuildConfiguration;
			buildSettings = {
				ALWAYS_SEARCH_USER_PATHS = NO;
				CLANG_ANALYZER_NONNULL = YES;
				CLANG_ANALYZER_NUMBER_OBJECT_CONVERSION = YES_AGGRESSIVE;
				CLANG_CXX_LANGUAGE_STANDARD = "gnu++14";
				CLANG_CXX_LIBRARY = "libc++";
				CLANG_ENABLE_MODULES = YES;
				CLANG_ENABLE_OBJC_ARC = YES;
				CLANG_ENABLE_OBJC_WEAK = YES;
				CLANG_WARN_BLOCK_CAPTURE_AUTORELEASING = YES;
				CLANG_WARN_BOOL_CONVERSION = YES;
				CLANG_WARN_COMMA = YES;
				CLANG_WARN_CONSTANT_CONVERSION = YES;
				CLANG_WARN_DEPRECATED_OBJC_IMPLEMENTATIONS = YES;
				CLANG_WARN_DIRECT_OBJC_ISA_USAGE = YES_ERROR;
				CLANG_WARN_DOCUMENTATION_COMMENTS = YES;
				CLANG_WARN_EMPTY_BODY = YES;
				CLANG_WARN_ENUM_CONVERSION = YES;
				CLANG_WARN_INFINITE_RECURSION = YES;
				CLANG_WARN_INT_CONVERSION = YES;
				CLANG_WARN_NON_LITERAL_NULL_CONVERSION = YES;
				CLANG_WARN_OBJC_IMPLICIT_RETAIN_SELF = YES;
				CLANG_WARN_OBJC_LITERAL_CONVERSION = YES;
				CLANG_WARN_OBJC_ROOT_CLASS = YES_ERROR;
				CLANG_WARN_QUOTED_INCLUDE_IN_FRAMEWORK_HEADER = YES;
				CLANG_WARN_RANGE_LOOP_ANALYSIS = YES;
				CLANG_WARN_STRICT_PROTOTYPES = YES;
				CLANG_WARN_SUSPICIOUS_MOVE = YES;
				CLANG_WARN_UNGUARDED_AVAILABILITY = YES_AGGRESSIVE;
				CLANG_WARN_UNREACHABLE_CODE = YES;
				CLANG_WARN__DUPLICATE_METHOD_MATCH = YES;
				COPY_PHASE_STRIP = NO;
				DEBUG_INFORMATION_FORMAT = "dwarf-with-dsym";
				DEVELOPMENT_TEAM = "";
				ENABLE_NS_ASSERTIONS = NO;
				ENABLE_STRICT_OBJC_MSGSEND = YES;
				GCC_C_LANGUAGE_STANDARD = gnu11;
				GCC_NO_COMMON_BLOCKS = YES;
				GCC_WARN_64_TO_32_BIT_CONVERSION = YES;
				GCC_WARN_ABOUT_RETURN_TYPE = YES_ERROR;
				GCC_WARN_UNDECLARED_SELECTOR = YES;
				GCC_WARN_UNINITIALIZED_AUTOS = YES_AGGRESSIVE;
				GCC_WARN_UNUSED_FUNCTION = YES;
				GCC_WARN_UNUSED_VARIABLE = YES;
				IPHONEOS_DEPLOYMENT_TARGET = 26.0;
				MTL_ENABLE_DEBUG_INFO = NO;
				MTL_FAST_MATH = YES;
				PRODUCT_NAME = "$(TARGET_NAME)";
				SDKROOT = iphoneos;
				SWIFT_COMPILATION_MODE = wholemodule;
				SWIFT_OPTIMIZATION_LEVEL = "-O";
				SWIFT_VERSION = 6.0;
			};
			name = Release;
		};
		1732539E0C25AF8D31175E77 /* Release */ = {
			isa = XCBuildConfiguration;
			buildSettings = {
				ASSETCATALOG_COMPILER_APPICON_NAME = AppIcon;
				CODE_SIGN_IDENTITY = "iPhone Developer";
				CODE_SIGN_STYLE = Automatic;
				CURRENT_PROJECT_VERSION = 1;
				INFOPLIST_FILE = YagyoPlayer/Info.plist;
				IPHONEOS_DEPLOYMENT_TARGET = 26.0;
				LD_RUNPATH_SEARCH_PATHS = (
					"$(inherited)",
					"@executable_path/Frameworks",
				);
				MARKETING_VERSION = 1.0;
				PRODUCT_BUNDLE_IDENTIFIER = com.codex.yagyoplayer;
				SDKROOT = iphoneos;
				TARGETED_DEVICE_FAMILY = 1;
			};
			name = Release;
		};
		7179409AA91E9BE338232D13 /* Debug */ = {
			isa = XCBuildConfiguration;
			buildSettings = {
				ASSETCATALOG_COMPILER_APPICON_NAME = AppIcon;
				CODE_SIGN_IDENTITY = "iPhone Developer";
				CODE_SIGN_STYLE = Automatic;
				CURRENT_PROJECT_VERSION = 1;
				INFOPLIST_FILE = YagyoPlayer/Info.plist;
				IPHONEOS_DEPLOYMENT_TARGET = 26.0;
				LD_RUNPATH_SEARCH_PATHS = (
					"$(inherited)",
					"@executable_path/Frameworks",
				);
				MARKETING_VERSION = 1.0;
				PRODUCT_BUNDLE_IDENTIFIER = com.codex.yagyoplayer;
				SDKROOT = iphoneos;
				TARGETED_DEVICE_FAMILY = 1;
			};
			name = Debug;
		};
		756D50DEA88FBFE59108FCFC /* Debug */ = {
			isa = XCBuildConfiguration;
			buildSettings = {
				BUNDLE_LOADER = "$(TEST_HOST)";
				INFOPLIST_FILE = YagyoPlayerTests/Info.plist;
				IPHONEOS_DEPLOYMENT_TARGET = 26.0;
				LD_RUNPATH_SEARCH_PATHS = (
					"$(inherited)",
					"@executable_path/Frameworks",
					"@loader_path/Frameworks",
				);
				PRODUCT_BUNDLE_IDENTIFIER = com.codex.yagyoplayer.tests;
				SDKROOT = iphoneos;
				TARGETED_DEVICE_FAMILY = "1,2";
				TEST_HOST = "$(BUILT_PRODUCTS_DIR)/YagyoPlayer.app/YagyoPlayer";
			};
			name = Debug;
		};
		823D02C804E00EA5009D80A6 /* Debug */ = {
			isa = XCBuildConfiguration;
			buildSettings = {
				ALWAYS_SEARCH_USER_PATHS = NO;
				CLANG_ANALYZER_NONNULL = YES;
				CLANG_ANALYZER_NUMBER_OBJECT_CONVERSION = YES_AGGRESSIVE;
				CLANG_CXX_LANGUAGE_STANDARD = "gnu++14";
				CLANG_CXX_LIBRARY = "libc++";
				CLANG_ENABLE_MODULES = YES;
				CLANG_ENABLE_OBJC_ARC = YES;
				CLANG_ENABLE_OBJC_WEAK = YES;
				CLANG_WARN_BLOCK_CAPTURE_AUTORELEASING = YES;
				CLANG_WARN_BOOL_CONVERSION = YES;
				CLANG_WARN_COMMA = YES;
				CLANG_WARN_CONSTANT_CONVERSION = YES;
				CLANG_WARN_DEPRECATED_OBJC_IMPLEMENTATIONS = YES;
				CLANG_WARN_DIRECT_OBJC_ISA_USAGE = YES_ERROR;
				CLANG_WARN_DOCUMENTATION_COMMENTS = YES;
				CLANG_WARN_EMPTY_BODY = YES;
				CLANG_WARN_ENUM_CONVERSION = YES;
				CLANG_WARN_INFINITE_RECURSION = YES;
				CLANG_WARN_INT_CONVERSION = YES;
				CLANG_WARN_NON_LITERAL_NULL_CONVERSION = YES;
				CLANG_WARN_OBJC_IMPLICIT_RETAIN_SELF = YES;
				CLANG_WARN_OBJC_LITERAL_CONVERSION = YES;
				CLANG_WARN_OBJC_ROOT_CLASS = YES_ERROR;
				CLANG_WARN_QUOTED_INCLUDE_IN_FRAMEWORK_HEADER = YES;
				CLANG_WARN_RANGE_LOOP_ANALYSIS = YES;
				CLANG_WARN_STRICT_PROTOTYPES = YES;
				CLANG_WARN_SUSPICIOUS_MOVE = YES;
				CLANG_WARN_UNGUARDED_AVAILABILITY = YES_AGGRESSIVE;
				CLANG_WARN_UNREACHABLE_CODE = YES;
				CLANG_WARN__DUPLICATE_METHOD_MATCH = YES;
				COPY_PHASE_STRIP = NO;
				DEBUG_INFORMATION_FORMAT = dwarf;
				DEVELOPMENT_TEAM = "";
				ENABLE_STRICT_OBJC_MSGSEND = YES;
				ENABLE_TESTABILITY = YES;
				GCC_C_LANGUAGE_STANDARD = gnu11;
				GCC_DYNAMIC_NO_PIC = NO;
				GCC_NO_COMMON_BLOCKS = YES;
				GCC_OPTIMIZATION_LEVEL = 0;
				GCC_PREPROCESSOR_DEFINITIONS = (
					"$(inherited)",
					"DEBUG=1",
				);
				GCC_WARN_64_TO_32_BIT_CONVERSION = YES;
				GCC_WARN_ABOUT_RETURN_TYPE = YES_ERROR;
				GCC_WARN_UNDECLARED_SELECTOR = YES;
				GCC_WARN_UNINITIALIZED_AUTOS = YES_AGGRESSIVE;
				GCC_WARN_UNUSED_FUNCTION = YES;
				GCC_WARN_UNUSED_VARIABLE = YES;
				IPHONEOS_DEPLOYMENT_TARGET = 26.0;
				MTL_ENABLE_DEBUG_INFO = INCLUDE_SOURCE;
				MTL_FAST_MATH = YES;
				ONLY_ACTIVE_ARCH = YES;
				PRODUCT_NAME = "$(TARGET_NAME)";
				SDKROOT = iphoneos;
				SWIFT_ACTIVE_COMPILATION_CONDITIONS = DEBUG;
				SWIFT_OPTIMIZATION_LEVEL = "-Onone";
				SWIFT_VERSION = 6.0;
			};
			name = Debug;
		};
/* End XCBuildConfiguration section */

/* Begin XCConfigurationList section */
		1D7D1BCD7A820DC04A0AAA1B /* Build configuration list for PBXProject "YagyoPlayer" */ = {
			isa = XCConfigurationList;
			buildConfigurations = (
				823D02C804E00EA5009D80A6 /* Debug */,
				0C75C7C28F69CBC8C17BAE83 /* Release */,
			);
			defaultConfigurationIsVisible = 0;
			defaultConfigurationName = Debug;
		};
		82FAA49B5082355F835F648F /* Build configuration list for PBXNativeTarget "YagyoPlayerTests" */ = {
			isa = XCConfigurationList;
			buildConfigurations = (
				756D50DEA88FBFE59108FCFC /* Debug */,
				030C3C5E415F0B324CE85434 /* Release */,
			);
			defaultConfigurationIsVisible = 0;
			defaultConfigurationName = Debug;
		};
		F55F04C9E29F856C395DA820 /* Build configuration list for PBXNativeTarget "YagyoPlayer" */ = {
			isa = XCConfigurationList;
			buildConfigurations = (
				7179409AA91E9BE338232D13 /* Debug */,
				1732539E0C25AF8D31175E77 /* Release */,
			);
			defaultConfigurationIsVisible = 0;
			defaultConfigurationName = Debug;
		};
/* End XCConfigurationList section */
	};
	rootObject = CF8CB9810328B181900DCC11 /* Project object */;
}
