// !$*UTF8*$!
{
	archiveVersion = 1;
	classes = {
	};
	objectVersion = 77;
	objects = {

/* Begin PBXBuildFile section */
		0A0CE44EB431977072C2A8F9 /* LibEBUR128LinkageTests.swift in Sources */ = {isa = PBXBuildFile; fileRef = AECE9A456569BCF1094B4727 /* LibEBUR128LinkageTests.swift */; };
		250E9A7346FB7374DD1960B8 /* DesignTokens.swift in Sources */ = {isa = PBXBuildFile; fileRef = D79B2B99B83398BAB69DC334 /* DesignTokens.swift */; };
		3A2A8EAA663E2ADB181E7205 /* PlaybackControllerTests.swift in Sources */ = {isa = PBXBuildFile; fileRef = 7E06CD6FA3AD454DCD485EF3 /* PlaybackControllerTests.swift */; };
		3E00AE61C5997249328D5DB6 /* UshimitsuWatch.swift in Sources */ = {isa = PBXBuildFile; fileRef = 009132A905A8FFC8AA18D877 /* UshimitsuWatch.swift */; };
		522CEC5A8B07DC6790F59E0F /* ebur128.c in Sources */ = {isa = PBXBuildFile; fileRef = EB52C09A1B2A84F333625AFB /* ebur128.c */; };
		61BAD1FE4C2E56B48EDA17E6 /* PlaylistSection.swift in Sources */ = {isa = PBXBuildFile; fileRef = 8260ACDAEA6A60FE15F832E1 /* PlaylistSection.swift */; };
		6A2D3D5662B960C39D3C324E /* AnalysisResults.swift in Sources */ = {isa = PBXBuildFile; fileRef = 21F48CA37172823EB21CEF44 /* AnalysisResults.swift */; };
		6A6AAA7620591A1B2E0F6F4A /* libCEBUR128.a in Frameworks */ = {isa = PBXBuildFile; fileRef = 250A79D71242EBB07FB61569 /* libCEBUR128.a */; };
		6AB494FB98028D7497DCC50C /* MusicKit.framework in Frameworks */ = {isa = PBXBuildFile; fileRef = 301E9CBCD2076B4C94F2C87F /* MusicKit.framework */; };
		6CF615A930DE9D845F3F57C3 /* PlaybackController.swift in Sources */ = {isa = PBXBuildFile; fileRef = B81C4BE9E308A1B398FCC749 /* PlaybackController.swift */; };
		8D11AB6599E537AB3E159AEF /* AudioTrackTests.swift in Sources */ = {isa = PBXBuildFile; fileRef = 25089FD8B7B3584C1950CD9B /* AudioTrackTests.swift */; };
		8D65C6848CFDD7EEB4CBEB9F /* LegacyAudioPlayerPlaybackBackend.swift in Sources */ = {isa = PBXBuildFile; fileRef = B5EA40EBAF54D3B9F3FCD756 /* LegacyAudioPlayerPlaybackBackend.swift */; };
		A703B0828489B95B8B9FB869 /* YagyoPlayerApp.swift in Sources */ = {isa = PBXBuildFile; fileRef = 25C215A13FBD2FF5FA19ECFB /* YagyoPlayerApp.swift */; };
		A9BE8B0491943FD5F76C952C /* PlaylistTests.swift in Sources */ = {isa = PBXBuildFile; fileRef = 43BAB562AE3CA0460CA4B562 /* PlaylistTests.swift */; };
		B19BADCB0624C48620272C1D /* VisualComponents.swift in Sources */ = {isa = PBXBuildFile; fileRef = B13D8A65B01B04F9BD642237 /* VisualComponents.swift */; };
		B3F5B378204D7103FD8928A7 /* AudioLibraryStoreTests.swift in Sources */ = {isa = PBXBuildFile; fileRef = 7B3E9103C21666DF09B5B1F8 /* AudioLibraryStoreTests.swift */; };
		B4C130EA40CACEAF7872EDED /* YagyoPlayerIntents.swift in Sources */ = {isa = PBXBuildFile; fileRef = 025BE94FAA9D790E8896BF44 /* YagyoPlayerIntents.swift */; };
		B89BF864B9C26F21D2722D93 /* Playlist.swift in Sources */ = {isa = PBXBuildFile; fileRef = 8AE27C22EE5C6B775EF69776 /* Playlist.swift */; };
		C30AFF1D77D6C0C74B7ECFAB /* LibraryConfidenceTests.swift in Sources */ = {isa = PBXBuildFile; fileRef = C65840D328AB5AC39599FEBE /* LibraryConfidenceTests.swift */; };
		C34CAED7D7E0E66674B84A56 /* libCEBUR128.a in Frameworks */ = {isa = PBXBuildFile; fileRef = 250A79D71242EBB07FB61569 /* libCEBUR128.a */; };
		D06BD0E7776DED9A0263326A /* ebur128.h in CopyFiles */ = {isa = PBXBuildFile; fileRef = EBCB48049FEC947358615989 /* ebur128.h */; };
		D8BDCB51518C4D326E8126FD /* PixelSprites.swift in Sources */ = {isa = PBXBuildFile; fileRef = 82313649B4E00E83BE7B7E39 /* PixelSprites.swift */; };
		E1F12D8AB5237C46EB410996 /* AVFoundation.framework in Frameworks */ = {isa = PBXBuildFile; fileRef = 7FEEC5F390CD3E9B6E288C6F /* AVFoundation.framework */; };
		E208F7A31178FF01D3AF158D /* AppRouter.swift in Sources */ = {isa = PBXBuildFile; fileRef = DDC21A8FC3FC543E1CAE93C0 /* AppRouter.swift */; };
		E94E4371E099F8F5F912DF8E /* AudioLibraryStore.swift in Sources */ = {isa = PBXBuildFile; fileRef = 33D8F8BED25A829B3E5EF537 /* AudioLibraryStore.swift */; };
		ECB9B961AB1D5F71E3F61EF5 /* FakeAudioPlaybackBackend.swift in Sources */ = {isa = PBXBuildFile; fileRef = 8640BFBB549CB37CBED4C8EE /* FakeAudioPlaybackBackend.swift */; };
		ED30E11EDA4E3545119F08D0 /* AudioTrack.swift in Sources */ = {isa = PBXBuildFile; fileRef = 76389A5952E76C7CE5A22B96 /* AudioTrack.swift */; };
		F277B9BD9D60634F9BDF94A4 /* YagyoParadeView.swift in Sources */ = {isa = PBXBuildFile; fileRef = 99DFADEFD1438C21D0A4F055 /* YagyoParadeView.swift */; };
		F553274643EE8B8A838C9B97 /* ContentView.swift in Sources */ = {isa = PBXBuildFile; fileRef = 2A3693A3D5090FDEC93959BD /* ContentView.swift */; };
		F7DB9363BFBCA8EE9853A67F /* Accelerate.framework in Frameworks */ = {isa = PBXBuildFile; fileRef = 7A90FE4FF741479811E304D1 /* Accelerate.framework */; };
		F8AD9D1EE7CAE2C83936CD68 /* AudioPlaybackBackend.swift in Sources */ = {isa = PBXBuildFile; fileRef = D333F352E67C8599E3C81D32 /* AudioPlaybackBackend.swift */; };
		F9991556DDF047A16C7EABDD /* MediaPlayer.framework in Frameworks */ = {isa = PBXBuildFile; fileRef = 66B26F6B600C8B8FB1995EFA /* MediaPlayer.framework */; };
		FAF6648B6E5D6DFA7E4E2B98 /* AppIntents.framework in Frameworks */ = {isa = PBXBuildFile; fileRef = 7C108546297C058BDF30B16F /* AppIntents.framework */; };
/* End PBXBuildFile section */

/* Begin PBXContainerItemProxy section */
		0D3D16D39FD3B9E1CD06C5DF /* PBXContainerItemProxy */ = {
			isa = PBXContainerItemProxy;
			containerPortal = CF8CB9810328B181900DCC11 /* Project object */;
			proxyType = 1;
			remoteGlobalIDString = 40BC8A4B934A441D483F9151;
			remoteInfo = YagyoPlayer;
		};
		698B6A14731CF60F2378D03F /* PBXContainerItemProxy */ = {
			isa = PBXContainerItemProxy;
			containerPortal = CF8CB9810328B181900DCC11 /* Project object */;
			proxyType = 1;
			remoteGlobalIDString = FF3F7EE521D69DB5C109B334;
			remoteInfo = CEBUR128;
		};
		D4D55DBC03016FAD21FDC656 /* PBXContainerItemProxy */ = {
			isa = PBXContainerItemProxy;
			containerPortal = CF8CB9810328B181900DCC11 /* Project object */;
			proxyType = 1;
			remoteGlobalIDString = FF3F7EE521D69DB5C109B334;
			remoteInfo = CEBUR128;
		};
/* End PBXContainerItemProxy section */

/* Begin PBXCopyFilesBuildPhase section */
		546959066CCF711F0BE07A31 /* CopyFiles */ = {
			isa = PBXCopyFilesBuildPhase;
			buildActionMask = 2147483647;
			dstPath = "include/$(PRODUCT_NAME)";
			dstSubfolderSpec = 16;
			files = (
				D06BD0E7776DED9A0263326A /* ebur128.h in CopyFiles */,
			);
			runOnlyForDeploymentPostprocessing = 0;
		};
/* End PBXCopyFilesBuildPhase section */

/* Begin PBXFileReference section */
		009132A905A8FFC8AA18D877 /* UshimitsuWatch.swift */ = {isa = PBXFileReference; lastKnownFileType = sourcecode.swift; path = UshimitsuWatch.swift; sourceTree = "<group>"; };
		025BE94FAA9D790E8896BF44 /* YagyoPlayerIntents.swift */ = {isa = PBXFileReference; lastKnownFileType = sourcecode.swift; path = YagyoPlayerIntents.swift; sourceTree = "<group>"; };
		21F48CA37172823EB21CEF44 /* AnalysisResults.swift */ = {isa = PBXFileReference; lastKnownFileType = sourcecode.swift; path = AnalysisResults.swift; sourceTree = "<group>"; };
		25089FD8B7B3584C1950CD9B /* AudioTrackTests.swift */ = {isa = PBXFileReference; lastKnownFileType = sourcecode.swift; path = AudioTrackTests.swift; sourceTree = "<group>"; };
		250A79D71242EBB07FB61569 /* libCEBUR128.a */ = {isa = PBXFileReference; includeInIndex = 0; lastKnownFileType = archive.ar; path = libCEBUR128.a; sourceTree = BUILT_PRODUCTS_DIR; };
		25C215A13FBD2FF5FA19ECFB /* YagyoPlayerApp.swift */ = {isa = PBXFileReference; lastKnownFileType = sourcecode.swift; path = YagyoPlayerApp.swift; sourceTree = "<group>"; };
		2A3693A3D5090FDEC93959BD /* ContentView.swift */ = {isa = PBXFileReference; lastKnownFileType = sourcecode.swift; path = ContentView.swift; sourceTree = "<group>"; };
		301E9CBCD2076B4C94F2C87F /* MusicKit.framework */ = {isa = PBXFileReference; lastKnownFileType = wrapper.framework; name = MusicKit.framework; path = System/Library/Frameworks/MusicKit.framework; sourceTree = SDKROOT; };
		33D8F8BED25A829B3E5EF537 /* AudioLibraryStore.swift */ = {isa = PBXFileReference; lastKnownFileType = sourcecode.swift; path = AudioLibraryStore.swift; sourceTree = "<group>"; };
		43BAB562AE3CA0460CA4B562 /* PlaylistTests.swift */ = {isa = PBXFileReference; lastKnownFileType = sourcecode.swift; path = PlaylistTests.swift; sourceTree = "<group>"; };
		52B6474115C670A861E1F6EC /* YagyoPlayer.app */ = {isa = PBXFileReference; includeInIndex = 0; lastKnownFileType = wrapper.application; path = YagyoPlayer.app; sourceTree = BUILT_PRODUCTS_DIR; };
		66B26F6B600C8B8FB1995EFA /* MediaPlayer.framework */ = {isa = PBXFileReference; lastKnownFileType = wrapper.framework; name = MediaPlayer.framework; path = System/Library/Frameworks/MediaPlayer.framework; sourceTree = SDKROOT; };
		76389A5952E76C7CE5A22B96 /* AudioTrack.swift */ = {isa = PBXFileReference; lastKnownFileType = sourcecode.swift; path = AudioTrack.swift; sourceTree = "<group>"; };
		7A90FE4FF741479811E304D1 /* Accelerate.framework */ = {isa = PBXFileReference; lastKnownFileType = wrapper.framework; name = Accelerate.framework; path = System/Library/Frameworks/Accelerate.framework; sourceTree = SDKROOT; };
		7B3E9103C21666DF09B5B1F8 /* AudioLibraryStoreTests.swift */ = {isa = PBXFileReference; lastKnownFileType = sourcecode.swift; path = AudioLibraryStoreTests.swift; sourceTree = "<group>"; };
		7C108546297C058BDF30B16F /* AppIntents.framework */ = {isa = PBXFileReference; lastKnownFileType = wrapper.framework; name = AppIntents.framework; path = System/Library/Frameworks/AppIntents.framework; sourceTree = SDKROOT; };
		7E06CD6FA3AD454DCD485EF3 /* PlaybackControllerTests.swift */ = {isa = PBXFileReference; lastKnownFileType = sourcecode.swift; path = PlaybackControllerTests.swift; sourceTree = "<group>"; };
		7FEEC5F390CD3E9B6E288C6F /* AVFoundation.framework */ = {isa = PBXFileReference; lastKnownFileType = wrapper.framework; name = AVFoundation.framework; path = System/Library/Frameworks/AVFoundation.framework; sourceTree = SDKROOT; };
		817E3E6F64CD12B7179418DF /* Info.plist */ = {isa = PBXFileReference; lastKnownFileType = text.plist; path = Info.plist; sourceTree = "<group>"; };
		82313649B4E00E83BE7B7E39 /* PixelSprites.swift */ = {isa = PBXFileReference; lastKnownFileType = sourcecode.swift; path = PixelSprites.swift; sourceTree = "<group>"; };
		8260ACDAEA6A60FE15F832E1 /* PlaylistSection.swift */ = {isa = PBXFileReference; lastKnownFileType = sourcecode.swift; path = PlaylistSection.swift; sourceTree = "<group>"; };
		8640BFBB549CB37CBED4C8EE /* FakeAudioPlaybackBackend.swift */ = {isa = PBXFileReference; lastKnownFileType = sourcecode.swift; path = FakeAudioPlaybackBackend.swift; sourceTree = "<group>"; };
		8AE27C22EE5C6B775EF69776 /* Playlist.swift */ = {isa = PBXFileReference; lastKnownFileType = sourcecode.swift; path = Playlist.swift; sourceTree = "<group>"; };
		99DFADEFD1438C21D0A4F055 /* YagyoParadeView.swift */ = {isa = PBXFileReference; lastKnownFileType = sourcecode.swift; path = YagyoParadeView.swift; sourceTree = "<group>"; };
		AECE9A456569BCF1094B4727 /* LibEBUR128LinkageTests.swift */ = {isa = PBXFileReference; lastKnownFileType = sourcecode.swift; path = LibEBUR128LinkageTests.swift; sourceTree = "<group>"; };
		B13D8A65B01B04F9BD642237 /* VisualComponents.swift */ = {isa = PBXFileReference; lastKnownFileType = sourcecode.swift; path = VisualComponents.swift; sourceTree = "<group>"; };
		B5EA40EBAF54D3B9F3FCD756 /* LegacyAudioPlayerPlaybackBackend.swift */ = {isa = PBXFileReference; lastKnownFileType = sourcecode.swift; path = LegacyAudioPlayerPlaybackBackend.swift; sourceTree = "<group>"; };
		B81C4BE9E308A1B398FCC749 /* PlaybackController.swift */ = {isa = PBXFileReference; lastKnownFileType = sourcecode.swift; path = PlaybackController.swift; sourceTree = "<group>"; };
		C65840D328AB5AC39599FEBE /* LibraryConfidenceTests.swift */ = {isa = PBXFileReference; lastKnownFileType = sourcecode.swift; path = LibraryConfidenceTests.swift; sourceTree = "<group>"; };
		D333F352E67C8599E3C81D32 /* AudioPlaybackBackend.swift */ = {isa = PBXFileReference; lastKnownFileType = sourcecode.swift; path = AudioPlaybackBackend.swift; sourceTree = "<group>"; };
		D79B2B99B83398BAB69DC334 /* DesignTokens.swift */ = {isa = PBXFileReference; lastKnownFileType = sourcecode.swift; path = DesignTokens.swift; sourceTree = "<group>"; };
		DDC21A8FC3FC543E1CAE93C0 /* AppRouter.swift */ = {isa = PBXFileReference; lastKnownFileType = sourcecode.swift; path = AppRouter.swift; sourceTree = "<group>"; };
		E3041BBBEE3EE97F35C80624 /* YagyoPlayerTests.xctest */ = {isa = PBXFileReference; includeInIndex = 0; lastKnownFileType = wrapper.cfbundle; path = YagyoPlayerTests.xctest; sourceTree = BUILT_PRODUCTS_DIR; };
		EA706A94AFF32D4A08A9A32F /* Info.plist */ = {isa = PBXFileReference; lastKnownFileType = text.plist; path = Info.plist; sourceTree = "<group>"; };
		EB52C09A1B2A84F333625AFB /* ebur128.c */ = {isa = PBXFileReference; lastKnownFileType = sourcecode.c.c; path = ebur128.c; sourceTree = "<group>"; };
		EBCB48049FEC947358615989 /* ebur128.h */ = {isa = PBXFileReference; lastKnownFileType = sourcecode.c.h; path = ebur128.h; sourceTree = "<group>"; };
/* End PBXFileReference section */

/* Begin PBXFrameworksBuildPhase section */
		1594231853BD2D3BACEC17AD /* Frameworks */ = {
			isa = PBXFrameworksBuildPhase;
			buildActionMask = 2147483647;
			files = (
				C34CAED7D7E0E66674B84A56 /* libCEBUR128.a in Frameworks */,
				E1F12D8AB5237C46EB410996 /* AVFoundation.framework in Frameworks */,
				F9991556DDF047A16C7EABDD /* MediaPlayer.framework in Frameworks */,
				6AB494FB98028D7497DCC50C /* MusicKit.framework in Frameworks */,
				FAF6648B6E5D6DFA7E4E2B98 /* AppIntents.framework in Frameworks */,
				F7DB9363BFBCA8EE9853A67F /* Accelerate.framework in Frameworks */,
			);
			runOnlyForDeploymentPostprocessing = 0;
		};
		3CF47721C0FBCC05E0FFEADC /* Frameworks */ = {
			isa = PBXFrameworksBuildPhase;
			buildActionMask = 2147483647;
			files = (
				6A6AAA7620591A1B2E0F6F4A /* libCEBUR128.a in Frameworks */,
			);
			runOnlyForDeploymentPostprocessing = 0;
		};
/* End PBXFrameworksBuildPhase section */

/* Begin PBXGroup section */
		03CDC57AE52FA2E50F7992A0 /* Analysis */ = {
			isa = PBXGroup;
			children = (
				AECE9A456569BCF1094B4727 /* LibEBUR128LinkageTests.swift */,
			);
			path = Analysis;
			sourceTree = "<group>";
		};
		2905E51C924926504868ECF7 /* Frameworks */ = {
			isa = PBXGroup;
			children = (
				7A90FE4FF741479811E304D1 /* Accelerate.framework */,
				7C108546297C058BDF30B16F /* AppIntents.framework */,
				7FEEC5F390CD3E9B6E288C6F /* AVFoundation.framework */,
				66B26F6B600C8B8FB1995EFA /* MediaPlayer.framework */,
				301E9CBCD2076B4C94F2C87F /* MusicKit.framework */,
			);
			name = Frameworks;
			sourceTree = "<group>";
		};
		46D09D35FB3796467FB77045 /* Support */ = {
			isa = PBXGroup;
			children = (
				DDC21A8FC3FC543E1CAE93C0 /* AppRouter.swift */,
				D79B2B99B83398BAB69DC334 /* DesignTokens.swift */,
				009132A905A8FFC8AA18D877 /* UshimitsuWatch.swift */,
			);
			path = Support;
			sourceTree = "<group>";
		};
		8D4B73459E41D451F61F3CEB /* TestSupport */ = {
			isa = PBXGroup;
			children = (
				8640BFBB549CB37CBED4C8EE /* FakeAudioPlaybackBackend.swift */,
			);
			path = TestSupport;
			sourceTree = "<group>";
		};
		9107913FF838CD33DB0B5CD7 = {
			isa = PBXGroup;
			children = (
				AA54797DBC3FE51EB0D1BABE /* libebur128 */,
				97FCC1944622139E6A50FB14 /* YagyoPlayer */,
				E513368DB58CA9D28D6F55F9 /* YagyoPlayerTests */,
				2905E51C924926504868ECF7 /* Frameworks */,
				EB1A7F895A7907D277D0D6F6 /* Products */,
			);
			sourceTree = "<group>";
		};
		93A657406EDC74EC63CF6A6E /* Views */ = {
			isa = PBXGroup;
			children = (
				2A3693A3D5090FDEC93959BD /* ContentView.swift */,
				82313649B4E00E83BE7B7E39 /* PixelSprites.swift */,
				8260ACDAEA6A60FE15F832E1 /* PlaylistSection.swift */,
				B13D8A65B01B04F9BD642237 /* VisualComponents.swift */,
				99DFADEFD1438C21D0A4F055 /* YagyoParadeView.swift */,
			);
			path = Views;
			sourceTree = "<group>";
		};
		97FCC1944622139E6A50FB14 /* YagyoPlayer */ = {
			isa = PBXGroup;
			children = (
				EA706A94AFF32D4A08A9A32F /* Info.plist */,
				25C215A13FBD2FF5FA19ECFB /* YagyoPlayerApp.swift */,
				D25BA1101813B3ED81DF51E9 /* Analysis */,
				CF410E415ACC3F8C3E52F9F0 /* Intents */,
				F0F88FD17940D815B43BB257 /* Models */,
				DAA607FD6A61C2602213E678 /* Services */,
				46D09D35FB3796467FB77045 /* Support */,
				93A657406EDC74EC63CF6A6E /* Views */,
			);
			path = YagyoPlayer;
			sourceTree = "<group>";
		};
		AA54797DBC3FE51EB0D1BABE /* libebur128 */ = {
			isa = PBXGroup;
			children = (
				EB52C09A1B2A84F333625AFB /* ebur128.c */,
				EBCB48049FEC947358615989 /* ebur128.h */,
			);
			name = libebur128;
			path = Vendor/libebur128;
			sourceTree = "<group>";
		};
		CF410E415ACC3F8C3E52F9F0 /* Intents */ = {
			isa = PBXGroup;
			children = (
				025BE94FAA9D790E8896BF44 /* YagyoPlayerIntents.swift */,
			);
			path = Intents;
			sourceTree = "<group>";
		};
		D25BA1101813B3ED81DF51E9 /* Analysis */ = {
			isa = PBXGroup;
			children = (
				21F48CA37172823EB21CEF44 /* AnalysisResults.swift */,
			);
			path = Analysis;
			sourceTree = "<group>";
		};
		DAA607FD6A61C2602213E678 /* Services */ = {
			isa = PBXGroup;
			children = (
				33D8F8BED25A829B3E5EF537 /* AudioLibraryStore.swift */,
				D333F352E67C8599E3C81D32 /* AudioPlaybackBackend.swift */,
				B5EA40EBAF54D3B9F3FCD756 /* LegacyAudioPlayerPlaybackBackend.swift */,
				B81C4BE9E308A1B398FCC749 /* PlaybackController.swift */,
			);
			path = Services;
			sourceTree = "<group>";
		};
		E513368DB58CA9D28D6F55F9 /* YagyoPlayerTests */ = {
			isa = PBXGroup;
			children = (
				7B3E9103C21666DF09B5B1F8 /* AudioLibraryStoreTests.swift */,
				25089FD8B7B3584C1950CD9B /* AudioTrackTests.swift */,
				817E3E6F64CD12B7179418DF /* Info.plist */,
				C65840D328AB5AC39599FEBE /* LibraryConfidenceTests.swift */,
				7E06CD6FA3AD454DCD485EF3 /* PlaybackControllerTests.swift */,
				43BAB562AE3CA0460CA4B562 /* PlaylistTests.swift */,
				03CDC57AE52FA2E50F7992A0 /* Analysis */,
				8D4B73459E41D451F61F3CEB /* TestSupport */,
			);
			path = YagyoPlayerTests;
			sourceTree = "<group>";
		};
		EB1A7F895A7907D277D0D6F6 /* Products */ = {
			isa = PBXGroup;
			children = (
				250A79D71242EBB07FB61569 /* libCEBUR128.a */,
				52B6474115C670A861E1F6EC /* YagyoPlayer.app */,
				E3041BBBEE3EE97F35C80624 /* YagyoPlayerTests.xctest */,
			);
			name = Products;
			sourceTree = "<group>";
		};
		F0F88FD17940D815B43BB257 /* Models */ = {
			isa = PBXGroup;
			children = (
				76389A5952E76C7CE5A22B96 /* AudioTrack.swift */,
				8AE27C22EE5C6B775EF69776 /* Playlist.swift */,
			);
			path = Models;
			sourceTree = "<group>";
		};
/* End PBXGroup section */

/* Begin PBXNativeTarget section */
		40BC8A4B934A441D483F9151 /* YagyoPlayer */ = {
			isa = PBXNativeTarget;
			buildConfigurationList = F55F04C9E29F856C395DA820 /* Build configuration list for PBXNativeTarget "YagyoPlayer" */;
			buildPhases = (
				B3A5B20598C2FB3AC113FD0B /* Sources */,
				1594231853BD2D3BACEC17AD /* Frameworks */,
			);
			buildRules = (
			);
			dependencies = (
				447D0ACA435A1E6851D99C1C /* PBXTargetDependency */,
			);
			name = YagyoPlayer;
			packageProductDependencies = (
			);
			productName = YagyoPlayer;
			productReference = 52B6474115C670A861E1F6EC /* YagyoPlayer.app */;
			productType = "com.apple.product-type.application";
		};
		D6F1D001A9F4932966B529B4 /* YagyoPlayerTests */ = {
			isa = PBXNativeTarget;
			buildConfigurationList = 82FAA49B5082355F835F648F /* Build configuration list for PBXNativeTarget "YagyoPlayerTests" */;
			buildPhases = (
				174B075A6A809C65629887D3 /* Sources */,
				3CF47721C0FBCC05E0FFEADC /* Frameworks */,
			);
			buildRules = (
			);
			dependencies = (
				09F05F85E10A1A2310D22DE0 /* PBXTargetDependency */,
				A8D445387DD5A49B9FBA8D68 /* PBXTargetDependency */,
			);
			name = YagyoPlayerTests;
			packageProductDependencies = (
			);
			productName = YagyoPlayerTests;
			productReference = E3041BBBEE3EE97F35C80624 /* YagyoPlayerTests.xctest */;
			productType = "com.apple.product-type.bundle.unit-test";
		};
		FF3F7EE521D69DB5C109B334 /* CEBUR128 */ = {
			isa = PBXNativeTarget;
			buildConfigurationList = 74F363E1265C61180F4AFC6E /* Build configuration list for PBXNativeTarget "CEBUR128" */;
			buildPhases = (
				546959066CCF711F0BE07A31 /* CopyFiles */,
				4FAE809332D8E34B7B52EFFC /* Sources */,
			);
			buildRules = (
			);
			dependencies = (
			);
			name = CEBUR128;
			packageProductDependencies = (
			);
			productName = CEBUR128;
			productReference = 250A79D71242EBB07FB61569 /* libCEBUR128.a */;
			productType = "com.apple.product-type.library.static";
		};
/* End PBXNativeTarget section */

/* Begin PBXProject section */
		CF8CB9810328B181900DCC11 /* Project object */ = {
			isa = PBXProject;
			attributes = {
				BuildIndependentTargetsInParallel = YES;
				LastUpgradeCheck = 1430;
				TargetAttributes = {
					40BC8A4B934A441D483F9151 = {
						DevelopmentTeam = "";
						ProvisioningStyle = Automatic;
					};
					D6F1D001A9F4932966B529B4 = {
						DevelopmentTeam = "";
					};
					FF3F7EE521D69DB5C109B334 = {
						DevelopmentTeam = "";
					};
				};
			};
			buildConfigurationList = 1D7D1BCD7A820DC04A0AAA1B /* Build configuration list for PBXProject "YagyoPlayer" */;
			developmentRegion = en;
			hasScannedForEncodings = 0;
			knownRegions = (
				Base,
				en,
			);
			mainGroup = 9107913FF838CD33DB0B5CD7;
			minimizedProjectReferenceProxies = 1;
			preferredProjectObjectVersion = 77;
			productRefGroup = EB1A7F895A7907D277D0D6F6 /* Products */;
			projectDirPath = "";
			projectRoot = "";
			targets = (
				FF3F7EE521D69DB5C109B334 /* CEBUR128 */,
				40BC8A4B934A441D483F9151 /* YagyoPlayer */,
				D6F1D001A9F4932966B529B4 /* YagyoPlayerTests */,
			);
		};
/* End PBXProject section */

/* Begin PBXSourcesBuildPhase section */
		174B075A6A809C65629887D3 /* Sources */ = {
			isa = PBXSourcesBuildPhase;
			buildActionMask = 2147483647;
			files = (
				B3F5B378204D7103FD8928A7 /* AudioLibraryStoreTests.swift in Sources */,
				8D11AB6599E537AB3E159AEF /* AudioTrackTests.swift in Sources */,
				ECB9B961AB1D5F71E3F61EF5 /* FakeAudioPlaybackBackend.swift in Sources */,
				0A0CE44EB431977072C2A8F9 /* LibEBUR128LinkageTests.swift in Sources */,
				C30AFF1D77D6C0C74B7ECFAB /* LibraryConfidenceTests.swift in Sources */,
				3A2A8EAA663E2ADB181E7205 /* PlaybackControllerTests.swift in Sources */,
				A9BE8B0491943FD5F76C952C /* PlaylistTests.swift in Sources */,
			);
			runOnlyForDeploymentPostprocessing = 0;
		};
		4FAE809332D8E34B7B52EFFC /* Sources */ = {
			isa = PBXSourcesBuildPhase;
			buildActionMask = 2147483647;
			files = (
				522CEC5A8B07DC6790F59E0F /* ebur128.c in Sources */,
			);
			runOnlyForDeploymentPostprocessing = 0;
		};
		B3A5B20598C2FB3AC113FD0B /* Sources */ = {
			isa = PBXSourcesBuildPhase;
			buildActionMask = 2147483647;
			files = (
				6A2D3D5662B960C39D3C324E /* AnalysisResults.swift in Sources */,
				E208F7A31178FF01D3AF158D /* AppRouter.swift in Sources */,
				E94E4371E099F8F5F912DF8E /* AudioLibraryStore.swift in Sources */,
				F8AD9D1EE7CAE2C83936CD68 /* AudioPlaybackBackend.swift in Sources */,
				ED30E11EDA4E3545119F08D0 /* AudioTrack.swift in Sources */,
				F553274643EE8B8A838C9B97 /* ContentView.swift in Sources */,
				250E9A7346FB7374DD1960B8 /* DesignTokens.swift in Sources */,
				8D65C6848CFDD7EEB4CBEB9F /* LegacyAudioPlayerPlaybackBackend.swift in Sources */,
				D8BDCB51518C4D326E8126FD /* PixelSprites.swift in Sources */,
				6CF615A930DE9D845F3F57C3 /* PlaybackController.swift in Sources */,
				B89BF864B9C26F21D2722D93 /* Playlist.swift in Sources */,
				61BAD1FE4C2E56B48EDA17E6 /* PlaylistSection.swift in Sources */,
				3E00AE61C5997249328D5DB6 /* UshimitsuWatch.swift in Sources */,
				B19BADCB0624C48620272C1D /* VisualComponents.swift in Sources */,
				F277B9BD9D60634F9BDF94A4 /* YagyoParadeView.swift in Sources */,
				A703B0828489B95B8B9FB869 /* YagyoPlayerApp.swift in Sources */,
				B4C130EA40CACEAF7872EDED /* YagyoPlayerIntents.swift in Sources */,
			);
			runOnlyForDeploymentPostprocessing = 0;
		};
/* End PBXSourcesBuildPhase section */

/* Begin PBXTargetDependency section */
		09F05F85E10A1A2310D22DE0 /* PBXTargetDependency */ = {
			isa = PBXTargetDependency;
			target = 40BC8A4B934A441D483F9151 /* YagyoPlayer */;
			targetProxy = 0D3D16D39FD3B9E1CD06C5DF /* PBXContainerItemProxy */;
		};
		447D0ACA435A1E6851D99C1C /* PBXTargetDependency */ = {
			isa = PBXTargetDependency;
			target = FF3F7EE521D69DB5C109B334 /* CEBUR128 */;
			targetProxy = D4D55DBC03016FAD21FDC656 /* PBXContainerItemProxy */;
		};
		A8D445387DD5A49B9FBA8D68 /* PBXTargetDependency */ = {
			isa = PBXTargetDependency;
			target = FF3F7EE521D69DB5C109B334 /* CEBUR128 */;
			targetProxy = 698B6A14731CF60F2378D03F /* PBXContainerItemProxy */;
		};
/* End PBXTargetDependency section */

/* Begin XCBuildConfiguration section */
		030C3C5E415F0B324CE85434 /* Release */ = {
			isa = XCBuildConfiguration;
			buildSettings = {
				BUNDLE_LOADER = "$(TEST_HOST)";
				INFOPLIST_FILE = YagyoPlayerTests/Info.plist;
				IPHONEOS_DEPLOYMENT_TARGET = 26.0;
				LD_RUNPATH_SEARCH_PATHS = (
					"$(inherited)",
					"@executable_path/Frameworks",
					"@loader_path/Frameworks",
				);
				OTHER_LDFLAGS = (
					"$(inherited)",
					"-ObjC",
				);
				PRODUCT_BUNDLE_IDENTIFIER = com.codex.yagyoplayer.tests;
				SDKROOT = iphoneos;
				SWIFT_INCLUDE_PATHS = (
					"$(SRCROOT)/Vendor/libebur128",
				);
				TARGETED_DEVICE_FAMILY = "1,2";
				TEST_HOST = "$(BUILT_PRODUCTS_DIR)/YagyoPlayer.app/YagyoPlayer";
			};
			name = Release;
		};
		0C75C7C28F69CBC8C17BAE83 /* Release */ = {
			isa = XCBuildConfiguration;
			buildSettings = {
				ALWAYS_SEARCH_USER_PATHS = NO;
				CLANG_ANALYZER_NONNULL = YES;
				CLANG_ANALYZER_NUMBER_OBJECT_CONVERSION = YES_AGGRESSIVE;
				CLANG_CXX_LANGUAGE_STANDARD = "gnu++14";
				CLANG_CXX_LIBRARY = "libc++";
				CLANG_ENABLE_MODULES = YES;
				CLANG_ENABLE_OBJC_ARC = YES;
				CLANG_ENABLE_OBJC_WEAK = YES;
				CLANG_WARN_BLOCK_CAPTURE_AUTORELEASING = YES;
				CLANG_WARN_BOOL_CONVERSION = YES;
				CLANG_WARN_COMMA = YES;
				CLANG_WARN_CONSTANT_CONVERSION = YES;
				CLANG_WARN_DEPRECATED_OBJC_IMPLEMENTATIONS = YES;
				CLANG_WARN_DIRECT_OBJC_ISA_USAGE = YES_ERROR;
				CLANG_WARN_DOCUMENTATION_COMMENTS = YES;
				CLANG_WARN_EMPTY_BODY = YES;
				CLANG_WARN_ENUM_CONVERSION = YES;
				CLANG_WARN_INFINITE_RECURSION = YES;
				CLANG_WARN_INT_CONVERSION = YES;
				CLANG_WARN_NON_LITERAL_NULL_CONVERSION = YES;
				CLANG_WARN_OBJC_IMPLICIT_RETAIN_SELF = YES;
				CLANG_WARN_OBJC_LITERAL_CONVERSION = YES;
				CLANG_WARN_OBJC_ROOT_CLASS = YES_ERROR;
				CLANG_WARN_QUOTED_INCLUDE_IN_FRAMEWORK_HEADER = YES;
				CLANG_WARN_RANGE_LOOP_ANALYSIS = YES;
				CLANG_WARN_STRICT_PROTOTYPES = YES;
				CLANG_WARN_SUSPICIOUS_MOVE = YES;
				CLANG_WARN_UNGUARDED_AVAILABILITY = YES_AGGRESSIVE;
				CLANG_WARN_UNREACHABLE_CODE = YES;
				CLANG_WARN__DUPLICATE_METHOD_MATCH = YES;
				COPY_PHASE_STRIP = NO;
				DEBUG_INFORMATION_FORMAT = "dwarf-with-dsym";
				DEVELOPMENT_TEAM = "";
				ENABLE_NS_ASSERTIONS = NO;
				ENABLE_STRICT_OBJC_MSGSEND = YES;
				GCC_C_LANGUAGE_STANDARD = gnu11;
				GCC_NO_COMMON_BLOCKS = YES;
				GCC_WARN_64_TO_32_BIT_CONVERSION = YES;
				GCC_WARN_ABOUT_RETURN_TYPE = YES_ERROR;
				GCC_WARN_UNDECLARED_SELECTOR = YES;
				GCC_WARN_UNINITIALIZED_AUTOS = YES_AGGRESSIVE;
				GCC_WARN_UNUSED_FUNCTION = YES;
				GCC_WARN_UNUSED_VARIABLE = YES;
				IPHONEOS_DEPLOYMENT_TARGET = 26.0;
				MTL_ENABLE_DEBUG_INFO = NO;
				MTL_FAST_MATH = YES;
				PRODUCT_NAME = "$(TARGET_NAME)";
				SDKROOT = iphoneos;
				SWIFT_COMPILATION_MODE = wholemodule;
				SWIFT_OPTIMIZATION_LEVEL = "-O";
				SWIFT_VERSION = 6.0;
			};
			name = Release;
		};
		1732539E0C25AF8D31175E77 /* Release */ = {
			isa = XCBuildConfiguration;
			buildSettings = {
				ASSETCATALOG_COMPILER_APPICON_NAME = AppIcon;
				CODE_SIGN_IDENTITY = "iPhone Developer";
				CODE_SIGN_STYLE = Automatic;
				CURRENT_PROJECT_VERSION = 1;
				INFOPLIST_FILE = YagyoPlayer/Info.plist;
				IPHONEOS_DEPLOYMENT_TARGET = 26.0;
				LD_RUNPATH_SEARCH_PATHS = (
					"$(inherited)",
					"@executable_path/Frameworks",
				);
				MARKETING_VERSION = 1.0;
				OTHER_LDFLAGS = (
					"$(inherited)",
					"-ObjC",
				);
				PRODUCT_BUNDLE_IDENTIFIER = com.codex.yagyoplayer;
				SDKROOT = iphoneos;
				SWIFT_INCLUDE_PATHS = (
					"$(SRCROOT)/Vendor/libebur128",
				);
				TARGETED_DEVICE_FAMILY = 1;
			};
			name = Release;
		};
		7179409AA91E9BE338232D13 /* Debug */ = {
			isa = XCBuildConfiguration;
			buildSettings = {
				ASSETCATALOG_COMPILER_APPICON_NAME = AppIcon;
				CODE_SIGN_IDENTITY = "iPhone Developer";
				CODE_SIGN_STYLE = Automatic;
				CURRENT_PROJECT_VERSION = 1;
				INFOPLIST_FILE = YagyoPlayer/Info.plist;
				IPHONEOS_DEPLOYMENT_TARGET = 26.0;
				LD_RUNPATH_SEARCH_PATHS = (
					"$(inherited)",
					"@executable_path/Frameworks",
				);
				MARKETING_VERSION = 1.0;
				OTHER_LDFLAGS = (
					"$(inherited)",
					"-ObjC",
				);
				PRODUCT_BUNDLE_IDENTIFIER = com.codex.yagyoplayer;
				SDKROOT = iphoneos;
				SWIFT_INCLUDE_PATHS = (
					"$(SRCROOT)/Vendor/libebur128",
				);
				TARGETED_DEVICE_FAMILY = 1;
			};
			name = Debug;
		};
		756D50DEA88FBFE59108FCFC /* Debug */ = {
			isa = XCBuildConfiguration;
			buildSettings = {
				BUNDLE_LOADER = "$(TEST_HOST)";
				INFOPLIST_FILE = YagyoPlayerTests/Info.plist;
				IPHONEOS_DEPLOYMENT_TARGET = 26.0;
				LD_RUNPATH_SEARCH_PATHS = (
					"$(inherited)",
					"@executable_path/Frameworks",
					"@loader_path/Frameworks",
				);
				OTHER_LDFLAGS = (
					"$(inherited)",
					"-ObjC",
				);
				PRODUCT_BUNDLE_IDENTIFIER = com.codex.yagyoplayer.tests;
				SDKROOT = iphoneos;
				SWIFT_INCLUDE_PATHS = (
					"$(SRCROOT)/Vendor/libebur128",
				);
				TARGETED_DEVICE_FAMILY = "1,2";
				TEST_HOST = "$(BUILT_PRODUCTS_DIR)/YagyoPlayer.app/YagyoPlayer";
			};
			name = Debug;
		};
		823D02C804E00EA5009D80A6 /* Debug */ = {
			isa = XCBuildConfiguration;
			buildSettings = {
				ALWAYS_SEARCH_USER_PATHS = NO;
				CLANG_ANALYZER_NONNULL = YES;
				CLANG_ANALYZER_NUMBER_OBJECT_CONVERSION = YES_AGGRESSIVE;
				CLANG_CXX_LANGUAGE_STANDARD = "gnu++14";
				CLANG_CXX_LIBRARY = "libc++";
				CLANG_ENABLE_MODULES = YES;
				CLANG_ENABLE_OBJC_ARC = YES;
				CLANG_ENABLE_OBJC_WEAK = YES;
				CLANG_WARN_BLOCK_CAPTURE_AUTORELEASING = YES;
				CLANG_WARN_BOOL_CONVERSION = YES;
				CLANG_WARN_COMMA = YES;
				CLANG_WARN_CONSTANT_CONVERSION = YES;
				CLANG_WARN_DEPRECATED_OBJC_IMPLEMENTATIONS = YES;
				CLANG_WARN_DIRECT_OBJC_ISA_USAGE = YES_ERROR;
				CLANG_WARN_DOCUMENTATION_COMMENTS = YES;
				CLANG_WARN_EMPTY_BODY = YES;
				CLANG_WARN_ENUM_CONVERSION = YES;
				CLANG_WARN_INFINITE_RECURSION = YES;
				CLANG_WARN_INT_CONVERSION = YES;
				CLANG_WARN_NON_LITERAL_NULL_CONVERSION = YES;
				CLANG_WARN_OBJC_IMPLICIT_RETAIN_SELF = YES;
				CLANG_WARN_OBJC_LITERAL_CONVERSION = YES;
				CLANG_WARN_OBJC_ROOT_CLASS = YES_ERROR;
				CLANG_WARN_QUOTED_INCLUDE_IN_FRAMEWORK_HEADER = YES;
				CLANG_WARN_RANGE_LOOP_ANALYSIS = YES;
				CLANG_WARN_STRICT_PROTOTYPES = YES;
				CLANG_WARN_SUSPICIOUS_MOVE = YES;
				CLANG_WARN_UNGUARDED_AVAILABILITY = YES_AGGRESSIVE;
				CLANG_WARN_UNREACHABLE_CODE = YES;
				CLANG_WARN__DUPLICATE_METHOD_MATCH = YES;
				COPY_PHASE_STRIP = NO;
				DEBUG_INFORMATION_FORMAT = dwarf;
				DEVELOPMENT_TEAM = "";
				ENABLE_STRICT_OBJC_MSGSEND = YES;
				ENABLE_TESTABILITY = YES;
				GCC_C_LANGUAGE_STANDARD = gnu11;
				GCC_DYNAMIC_NO_PIC = NO;
				GCC_NO_COMMON_BLOCKS = YES;
				GCC_OPTIMIZATION_LEVEL = 0;
				GCC_PREPROCESSOR_DEFINITIONS = (
					"$(inherited)",
					"DEBUG=1",
				);
				GCC_WARN_64_TO_32_BIT_CONVERSION = YES;
				GCC_WARN_ABOUT_RETURN_TYPE = YES_ERROR;
				GCC_WARN_UNDECLARED_SELECTOR = YES;
				GCC_WARN_UNINITIALIZED_AUTOS = YES_AGGRESSIVE;
				GCC_WARN_UNUSED_FUNCTION = YES;
				GCC_WARN_UNUSED_VARIABLE = YES;
				IPHONEOS_DEPLOYMENT_TARGET = 26.0;
				MTL_ENABLE_DEBUG_INFO = INCLUDE_SOURCE;
				MTL_FAST_MATH = YES;
				ONLY_ACTIVE_ARCH = YES;
				PRODUCT_NAME = "$(TARGET_NAME)";
				SDKROOT = iphoneos;
				SWIFT_ACTIVE_COMPILATION_CONDITIONS = DEBUG;
				SWIFT_OPTIMIZATION_LEVEL = "-Onone";
				SWIFT_VERSION = 6.0;
			};
			name = Debug;
		};
		B6D3B8EA2CF56700D557C958 /* Debug */ = {
			isa = XCBuildConfiguration;
			buildSettings = {
				CLANG_ENABLE_MODULES = YES;
				DEFINES_MODULE = YES;
				HEADER_SEARCH_PATHS = (
					"$(SRCROOT)/Vendor/libebur128",
				);
				IPHONEOS_DEPLOYMENT_TARGET = 26.0;
				LD_RUNPATH_SEARCH_PATHS = (
					"$(inherited)",
					"@executable_path/Frameworks",
				);
				MODULEMAP_FILE = "$(SRCROOT)/Vendor/libebur128/module.modulemap";
				PRODUCT_BUNDLE_IDENTIFIER = com.codex.CEBUR128;
				PRODUCT_MODULE_NAME = CEBUR128;
				PUBLIC_HEADERS_FOLDER_PATH = include/CEBUR128;
				SDKROOT = iphoneos;
				SKIP_INSTALL = YES;
				TARGETED_DEVICE_FAMILY = "1,2";
			};
			name = Debug;
		};
		F15B51F51C806A069E166000 /* Release */ = {
			isa = XCBuildConfiguration;
			buildSettings = {
				CLANG_ENABLE_MODULES = YES;
				DEFINES_MODULE = YES;
				HEADER_SEARCH_PATHS = (
					"$(SRCROOT)/Vendor/libebur128",
				);
				IPHONEOS_DEPLOYMENT_TARGET = 26.0;
				LD_RUNPATH_SEARCH_PATHS = (
					"$(inherited)",
					"@executable_path/Frameworks",
				);
				MODULEMAP_FILE = "$(SRCROOT)/Vendor/libebur128/module.modulemap";
				PRODUCT_BUNDLE_IDENTIFIER = com.codex.CEBUR128;
				PRODUCT_MODULE_NAME = CEBUR128;
				PUBLIC_HEADERS_FOLDER_PATH = include/CEBUR128;
				SDKROOT = iphoneos;
				SKIP_INSTALL = YES;
				TARGETED_DEVICE_FAMILY = "1,2";
			};
			name = Release;
		};
/* End XCBuildConfiguration section */

/* Begin XCConfigurationList section */
		1D7D1BCD7A820DC04A0AAA1B /* Build configuration list for PBXProject "YagyoPlayer" */ = {
			isa = XCConfigurationList;
			buildConfigurations = (
				823D02C804E00EA5009D80A6 /* Debug */,
				0C75C7C28F69CBC8C17BAE83 /* Release */,
			);
			defaultConfigurationIsVisible = 0;
			defaultConfigurationName = Debug;
		};
		74F363E1265C61180F4AFC6E /* Build configuration list for PBXNativeTarget "CEBUR128" */ = {
			isa = XCConfigurationList;
			buildConfigurations = (
				B6D3B8EA2CF56700D557C958 /* Debug */,
				F15B51F51C806A069E166000 /* Release */,
			);
			defaultConfigurationIsVisible = 0;
			defaultConfigurationName = Debug;
		};
		82FAA49B5082355F835F648F /* Build configuration list for PBXNativeTarget "YagyoPlayerTests" */ = {
			isa = XCConfigurationList;
			buildConfigurations = (
				756D50DEA88FBFE59108FCFC /* Debug */,
				030C3C5E415F0B324CE85434 /* Release */,
			);
			defaultConfigurationIsVisible = 0;
			defaultConfigurationName = Debug;
		};
		F55F04C9E29F856C395DA820 /* Build configuration list for PBXNativeTarget "YagyoPlayer" */ = {
			isa = XCConfigurationList;
			buildConfigurations = (
				7179409AA91E9BE338232D13 /* Debug */,
				1732539E0C25AF8D31175E77 /* Release */,
			);
			defaultConfigurationIsVisible = 0;
			defaultConfigurationName = Debug;
		};
/* End XCConfigurationList section */
	};
	rootObject = CF8CB9810328B181900DCC11 /* Project object */;
}
