// !$*UTF8*$!
{
	archiveVersion = 1;
	classes = {
	};
	objectVersion = 77;
	objects = {

/* Begin PBXBuildFile section */
		07FCB9846E54F1FA1143DBE3 /* FixedEQRecipe.swift in Sources */ = {isa = PBXBuildFile; fileRef = C2613ED727D98B69CCA4CBDC /* FixedEQRecipe.swift */; };
		08565A8E00FC14E57CFDE559 /* YokaiResidency.swift in Sources */ = {isa = PBXBuildFile; fileRef = 211E911CF2068CBD0C91ED41 /* YokaiResidency.swift */; };
		0F6FBE0EB4856809EED5B22E /* YukiOnnaSprite.swift in Sources */ = {isa = PBXBuildFile; fileRef = B4E5D333C49AE2E227C1355C /* YukiOnnaSprite.swift */; };
		101CE259839474C38B5F028F /* FeatureSnapshot.swift in Sources */ = {isa = PBXBuildFile; fileRef = 3FC204EB0D6A1F11024943AA /* FeatureSnapshot.swift */; };
		109C54EF853A7334C78481A0 /* FixedEQAudioUnitTests.swift in Sources */ = {isa = PBXBuildFile; fileRef = 73F7E700B075B3D6666C86F1 /* FixedEQAudioUnitTests.swift */; };
		174EE8DDA534F3C9230CD81D /* PixelSpriteContractTests.swift in Sources */ = {isa = PBXBuildFile; fileRef = 6804412D06635CAC50D76D6B /* PixelSpriteContractTests.swift */; };
		1FE70D7A7E46D7B27565B9E7 /* MokugyoSprite.swift in Sources */ = {isa = PBXBuildFile; fileRef = 0E6B14AD5D4ECFD7612C2114 /* MokugyoSprite.swift */; };
		2132FE71B2915F38C48988C4 /* TobariMetrics.swift in Sources */ = {isa = PBXBuildFile; fileRef = CA6A15F30AA2FF50F2E30F37 /* TobariMetrics.swift */; };
		2406EC38E127A6C91FCBE26B /* MusicUnderstandingAdapter.swift in Sources */ = {isa = PBXBuildFile; fileRef = 5E4301EF50BB65879C796C70 /* MusicUnderstandingAdapter.swift */; };
		250E9A7346FB7374DD1960B8 /* DesignTokens.swift in Sources */ = {isa = PBXBuildFile; fileRef = D79B2B99B83398BAB69DC334 /* DesignTokens.swift */; };
		2AF48E8F6D443C0FB41E0C6B /* PlaybackBackendSeamTests.swift in Sources */ = {isa = PBXBuildFile; fileRef = 3DE5F9F7768F2DFC61CCADE3 /* PlaybackBackendSeamTests.swift */; };
		2DDA0E3DECA961E8682039D8 /* MusicUnderstandingAdapterTests.swift in Sources */ = {isa = PBXBuildFile; fileRef = 310C370DF51123CF67276CAF /* MusicUnderstandingAdapterTests.swift */; };
		31B29F5B4E2FD8864BD82682 /* FeatureSnapshotTests.swift in Sources */ = {isa = PBXBuildFile; fileRef = 5211DC40FD76655C6ACE3BC3 /* FeatureSnapshotTests.swift */; };
		31E839318B25BEE3D93AD344 /* ParadeSignalCoordinatorTests.swift in Sources */ = {isa = PBXBuildFile; fileRef = 6DB6D8B19BCAF942F13B4166 /* ParadeSignalCoordinatorTests.swift */; };
		38B7F549F94B4CFF5149FFA3 /* KitsunebiSprite.swift in Sources */ = {isa = PBXBuildFile; fileRef = C9732B51F1B3925E0D4761DD /* KitsunebiSprite.swift */; };
		3A2A8EAA663E2ADB181E7205 /* PlaybackControllerTests.swift in Sources */ = {isa = PBXBuildFile; fileRef = 7E06CD6FA3AD454DCD485EF3 /* PlaybackControllerTests.swift */; };
		3B79F67DA3B908DD88EB69B5 /* SilenceHysteresisTests.swift in Sources */ = {isa = PBXBuildFile; fileRef = 8CD42786F9148F117C2F8DD9 /* SilenceHysteresisTests.swift */; };
		3CB032384D69A7037A7559DA /* TomoshibiSliderTests.swift in Sources */ = {isa = PBXBuildFile; fileRef = 65FBF30807B275C35C41EBEA /* TomoshibiSliderTests.swift */; };
		3E00AE61C5997249328D5DB6 /* UshimitsuWatch.swift in Sources */ = {isa = PBXBuildFile; fileRef = 009132A905A8FFC8AA18D877 /* UshimitsuWatch.swift */; };
		428783E63D2D0AE684903631 /* ParadeSpriteContractTests.swift in Sources */ = {isa = PBXBuildFile; fileRef = 001413CF9A7A8FDF377473F1 /* ParadeSpriteContractTests.swift */; };
		51698EEC81A23E6110904181 /* BiquadDesigner.swift in Sources */ = {isa = PBXBuildFile; fileRef = 37B8FD98D3266CAA432D11EE /* BiquadDesigner.swift */; };
		546B53B8117CC4C83804A589 /* TobariView.swift in Sources */ = {isa = PBXBuildFile; fileRef = 9EAFF4117045C3BDB1268CDB /* TobariView.swift */; };
		5759F5907B82DE951D4188A7 /* ParadeSignalReducerTests.swift in Sources */ = {isa = PBXBuildFile; fileRef = 1CFBF588CF1E31687794A0D9 /* ParadeSignalReducerTests.swift */; };
		5A52863C6DB5F98ECA8D660C /* KarakasaSprite.swift in Sources */ = {isa = PBXBuildFile; fileRef = 77E15846350731B2AD7F340D /* KarakasaSprite.swift */; };
		5C1BAE2A1A25EBA9201CF6C3 /* FixedEQSnapshotMailboxTests.swift in Sources */ = {isa = PBXBuildFile; fileRef = E144B1F5CFE8613E4608DDEE /* FixedEQSnapshotMailboxTests.swift */; };
		5FD9162030ABDABD79B384FD /* KitsunebiAnalyzerTests.swift in Sources */ = {isa = PBXBuildFile; fileRef = 84F9AC78171A2B8433ED3B5C /* KitsunebiAnalyzerTests.swift */; };
		61BAD1FE4C2E56B48EDA17E6 /* PlaylistSection.swift in Sources */ = {isa = PBXBuildFile; fileRef = 8260ACDAEA6A60FE15F832E1 /* PlaylistSection.swift */; };
		62B57FB29513773755F9DC31 /* HitotsumeSprite.swift in Sources */ = {isa = PBXBuildFile; fileRef = 1D79A2E77CB916AA19944DD4 /* HitotsumeSprite.swift */; };
		6A61FDD9C6617E9A21D65E64 /* YagyoTabTests.swift in Sources */ = {isa = PBXBuildFile; fileRef = 72506F033A04DC1A2F5788CC /* YagyoTabTests.swift */; };
		6AB494FB98028D7497DCC50C /* MusicKit.framework in Frameworks */ = {isa = PBXBuildFile; fileRef = 301E9CBCD2076B4C94F2C87F /* MusicKit.framework */; };
		6C4CC5C120FDC8B7C00999AD /* ParadePreviewHarness.swift in Sources */ = {isa = PBXBuildFile; fileRef = 2146EF91A8C1E23B7ECA1744 /* ParadePreviewHarness.swift */; };
		6CF615A930DE9D845F3F57C3 /* PlaybackController.swift in Sources */ = {isa = PBXBuildFile; fileRef = B81C4BE9E308A1B398FCC749 /* PlaybackController.swift */; };
		70A06572EC160E8B5190BBE9 /* SilenceHysteresis.swift in Sources */ = {isa = PBXBuildFile; fileRef = D4064CB3EF411F68D4A279E8 /* SilenceHysteresis.swift */; };
		7DE875CBC9ABF1F61CBA3C00 /* AVAudioEngineFixedEQPlaybackBackend.swift in Sources */ = {isa = PBXBuildFile; fileRef = 125838CCA79A95EB3C03DE67 /* AVAudioEngineFixedEQPlaybackBackend.swift */; };
		7F4D03B941FA2B49F50C8984 /* FeatureAnalysisSessionTests.swift in Sources */ = {isa = PBXBuildFile; fileRef = 6481483F4AD486232D9B4BE8 /* FeatureAnalysisSessionTests.swift */; };
		8522FFE32037C8C36A89D7AF /* FeatureAnalysisSession.swift in Sources */ = {isa = PBXBuildFile; fileRef = FF514A6FB041D11B285D77F3 /* FeatureAnalysisSession.swift */; };
		87EEDAAE3677EE2CDC73D937 /* ParadeQAArtifactTests.swift in Sources */ = {isa = PBXBuildFile; fileRef = BFA4C657F8AD09963CB44EDB /* ParadeQAArtifactTests.swift */; };
		8B4DE6F10F3505EBE456237A /* ParadeSignalCoordinator.swift in Sources */ = {isa = PBXBuildFile; fileRef = 8754CE881480922F8BA507B6 /* ParadeSignalCoordinator.swift */; };
		8C0AD7765907DC32D5C43034 /* ParadeSignal.swift in Sources */ = {isa = PBXBuildFile; fileRef = 6AACE23E11C8265F3EF22D39 /* ParadeSignal.swift */; };
		8D11AB6599E537AB3E159AEF /* AudioTrackTests.swift in Sources */ = {isa = PBXBuildFile; fileRef = 25089FD8B7B3584C1950CD9B /* AudioTrackTests.swift */; };
		8D65C6848CFDD7EEB4CBEB9F /* LegacyAudioPlayerPlaybackBackend.swift in Sources */ = {isa = PBXBuildFile; fileRef = B5EA40EBAF54D3B9F3FCD756 /* LegacyAudioPlayerPlaybackBackend.swift */; };
		9149070558F6F4EF58D1FB08 /* FixedEQAuditionView.swift in Sources */ = {isa = PBXBuildFile; fileRef = 6CBFDBEAB1BDAF919A83350F /* FixedEQAuditionView.swift */; };
		96F4A4741E10379E249365C3 /* BiwaBokubokuSprite.swift in Sources */ = {isa = PBXBuildFile; fileRef = 9CD4AD4874067B45F463A885 /* BiwaBokubokuSprite.swift */; };
		98CFF97A7FF55CFD6526BF6F /* AudioToolbox.framework in Frameworks */ = {isa = PBXBuildFile; fileRef = 1331CC7CB1D1C68D94BA0B3E /* AudioToolbox.framework */; };
		9C87F037E1FFF63735C2C70C /* TobariABComparisonView.swift in Sources */ = {isa = PBXBuildFile; fileRef = A6962BD1BD5E7CBD3A84AAD8 /* TobariABComparisonView.swift */; };
		9E24A0149621D32F0C16EFC4 /* FixedEQAudioUnit.swift in Sources */ = {isa = PBXBuildFile; fileRef = 80768D020E90F7F77C39EE3B /* FixedEQAudioUnit.swift */; };
		A12F1828F8B2CBD01E4748A1 /* AVAudioEngineFixedEQPlaybackBackendTests.swift in Sources */ = {isa = PBXBuildFile; fileRef = CF9E53A1CCA55E3F98A2D49D /* AVAudioEngineFixedEQPlaybackBackendTests.swift */; };
		A17C0D7E2026071500000002 /* WoodblockYokaiArt.swift in Sources */ = {isa = PBXBuildFile; fileRef = A17C0D7E2026071500000001 /* WoodblockYokaiArt.swift */; };
		A17C0D7E2026071500000004 /* Assets.xcassets in Resources */ = {isa = PBXBuildFile; fileRef = A17C0D7E2026071500000003 /* Assets.xcassets */; };
		A2212F5DAF17CF036C169C99 /* WindowArtifactExporter.swift in Sources */ = {isa = PBXBuildFile; fileRef = D738D64FCAF63658E3BF2927 /* WindowArtifactExporter.swift */; };
		A703B0828489B95B8B9FB869 /* YagyoPlayerApp.swift in Sources */ = {isa = PBXBuildFile; fileRef = 25C215A13FBD2FF5FA19ECFB /* YagyoPlayerApp.swift */; };
		A9BE8B0491943FD5F76C952C /* PlaylistTests.swift in Sources */ = {isa = PBXBuildFile; fileRef = 43BAB562AE3CA0460CA4B562 /* PlaylistTests.swift */; };
		AD5AB2D1A50254B40EEF72B5 /* FixedEQRenderProcessor.swift in Sources */ = {isa = PBXBuildFile; fileRef = D4F855E3DD801B028252BCD6 /* FixedEQRenderProcessor.swift */; };
		B1963241AF49C8AE682947DA /* TobariLoudnessMatch.swift in Sources */ = {isa = PBXBuildFile; fileRef = 6E5A8E92B6A7B6B7C1D4962D /* TobariLoudnessMatch.swift */; };
		B19BADCB0624C48620272C1D /* VisualComponents.swift in Sources */ = {isa = PBXBuildFile; fileRef = B13D8A65B01B04F9BD642237 /* VisualComponents.swift */; };
		B3F5B378204D7103FD8928A7 /* AudioLibraryStoreTests.swift in Sources */ = {isa = PBXBuildFile; fileRef = 7B3E9103C21666DF09B5B1F8 /* AudioLibraryStoreTests.swift */; };
		B4C130EA40CACEAF7872EDED /* YagyoPlayerIntents.swift in Sources */ = {isa = PBXBuildFile; fileRef = 025BE94FAA9D790E8896BF44 /* YagyoPlayerIntents.swift */; };
		B89BF864B9C26F21D2722D93 /* Playlist.swift in Sources */ = {isa = PBXBuildFile; fileRef = 8AE27C22EE5C6B775EF69776 /* Playlist.swift */; };
		BD6EAC89A80210345C3D4B37 /* FixedEQKernelTests.swift in Sources */ = {isa = PBXBuildFile; fileRef = C0A5355AD2F44BAE551F7959 /* FixedEQKernelTests.swift */; };
		BEDBC84C7507B0D658ED5FF4 /* OfflineFeatureAnalysisService.swift in Sources */ = {isa = PBXBuildFile; fileRef = 457B4BF7E2D2B7C17295EDDB /* OfflineFeatureAnalysisService.swift */; };
		C30AFF1D77D6C0C74B7ECFAB /* LibraryConfidenceTests.swift in Sources */ = {isa = PBXBuildFile; fileRef = C65840D328AB5AC39599FEBE /* LibraryConfidenceTests.swift */; };
		C360A6B4258A1DDE87C74184 /* FixedEQSnapshotMailbox.swift in Sources */ = {isa = PBXBuildFile; fileRef = 859AE3AC7CAF356B3F0CC13A /* FixedEQSnapshotMailbox.swift */; };
		C392BA0875D11700DCB20ED4 /* TobariLoudnessMatchTests.swift in Sources */ = {isa = PBXBuildFile; fileRef = 8E4241618E98DC76CC865C96 /* TobariLoudnessMatchTests.swift */; };
		C652A8F8617C9DA90AB00020 /* FixedEQKernel.swift in Sources */ = {isa = PBXBuildFile; fileRef = 3307BD34A38B74684F0A9642 /* FixedEQKernel.swift */; };
		C687972DD9B5BA09D861976D /* KarakasaQAArtifactTests.swift in Sources */ = {isa = PBXBuildFile; fileRef = E123FD672A49450B4214834C /* KarakasaQAArtifactTests.swift */; };
		D257D988D8E7900D0F493B22 /* OniSprite.swift in Sources */ = {isa = PBXBuildFile; fileRef = 68DBF6895ABEFA01CE00C00D /* OniSprite.swift */; };
		D47882C1E920122B25AFAC67 /* KitsunebiAnalyzer.swift in Sources */ = {isa = PBXBuildFile; fileRef = 728F7D81A7B4F5146A4DE9DA /* KitsunebiAnalyzer.swift */; };
		D83865F160C3623300CFE864 /* YokaiResidencyTests.swift in Sources */ = {isa = PBXBuildFile; fileRef = B1067EC58308362E47C91EF8 /* YokaiResidencyTests.swift */; };
		D8BDCB51518C4D326E8126FD /* PixelSprites.swift in Sources */ = {isa = PBXBuildFile; fileRef = 82313649B4E00E83BE7B7E39 /* PixelSprites.swift */; };
		DD42BBE7C75555D87D342C9D /* BoundedDSPFeatureExtractor.swift in Sources */ = {isa = PBXBuildFile; fileRef = 0E2A187B3DA755F8D893CD07 /* BoundedDSPFeatureExtractor.swift */; };
		E1F12D8AB5237C46EB410996 /* AVFoundation.framework in Frameworks */ = {isa = PBXBuildFile; fileRef = 7FEEC5F390CD3E9B6E288C6F /* AVFoundation.framework */; };
		E208F7A31178FF01D3AF158D /* AppRouter.swift in Sources */ = {isa = PBXBuildFile; fileRef = DDC21A8FC3FC543E1CAE93C0 /* AppRouter.swift */; };
		E94E4371E099F8F5F912DF8E /* AudioLibraryStore.swift in Sources */ = {isa = PBXBuildFile; fileRef = 33D8F8BED25A829B3E5EF537 /* AudioLibraryStore.swift */; };
		ECB9B961AB1D5F71E3F61EF5 /* FakeAudioPlaybackBackend.swift in Sources */ = {isa = PBXBuildFile; fileRef = 8640BFBB549CB37CBED4C8EE /* FakeAudioPlaybackBackend.swift */; };
		ED30E11EDA4E3545119F08D0 /* AudioTrack.swift in Sources */ = {isa = PBXBuildFile; fileRef = 76389A5952E76C7CE5A22B96 /* AudioTrack.swift */; };
		F277B9BD9D60634F9BDF94A4 /* YagyoParadeView.swift in Sources */ = {isa = PBXBuildFile; fileRef = 99DFADEFD1438C21D0A4F055 /* YagyoParadeView.swift */; };
		F553274643EE8B8A838C9B97 /* ContentView.swift in Sources */ = {isa = PBXBuildFile; fileRef = 2A3693A3D5090FDEC93959BD /* ContentView.swift */; };
		F8AD9D1EE7CAE2C83936CD68 /* AudioPlaybackBackend.swift in Sources */ = {isa = PBXBuildFile; fileRef = D333F352E67C8599E3C81D32 /* AudioPlaybackBackend.swift */; };
		F9991556DDF047A16C7EABDD /* MediaPlayer.framework in Frameworks */ = {isa = PBXBuildFile; fileRef = 66B26F6B600C8B8FB1995EFA /* MediaPlayer.framework */; };
		FAF6648B6E5D6DFA7E4E2B98 /* AppIntents.framework in Frameworks */ = {isa = PBXBuildFile; fileRef = 7C108546297C058BDF30B16F /* AppIntents.framework */; };
		FC05AA913DF02F6DCEA9BC9F /* TenguSprite.swift in Sources */ = {isa = PBXBuildFile; fileRef = 83946364362D7407E3A367B7 /* TenguSprite.swift */; };
		FF98ED5802826FFDADD44189 /* KappaSprite.swift in Sources */ = {isa = PBXBuildFile; fileRef = 63FE3280631A2862C69B1D04 /* KappaSprite.swift */; };
/* End PBXBuildFile section */

/* Begin PBXContainerItemProxy section */
		0D3D16D39FD3B9E1CD06C5DF /* PBXContainerItemProxy */ = {
			isa = PBXContainerItemProxy;
			containerPortal = CF8CB9810328B181900DCC11 /* Project object */;
			proxyType = 1;
			remoteGlobalIDString = 40BC8A4B934A441D483F9151;
			remoteInfo = YagyoPlayer;
		};
/* End PBXContainerItemProxy section */

/* Begin PBXFileReference section */
		001413CF9A7A8FDF377473F1 /* ParadeSpriteContractTests.swift */ = {isa = PBXFileReference; lastKnownFileType = sourcecode.swift; path = ParadeSpriteContractTests.swift; sourceTree = "<group>"; };
		009132A905A8FFC8AA18D877 /* UshimitsuWatch.swift */ = {isa = PBXFileReference; lastKnownFileType = sourcecode.swift; path = UshimitsuWatch.swift; sourceTree = "<group>"; };
		025BE94FAA9D790E8896BF44 /* YagyoPlayerIntents.swift */ = {isa = PBXFileReference; lastKnownFileType = sourcecode.swift; path = YagyoPlayerIntents.swift; sourceTree = "<group>"; };
		0E2A187B3DA755F8D893CD07 /* BoundedDSPFeatureExtractor.swift */ = {isa = PBXFileReference; lastKnownFileType = sourcecode.swift; path = BoundedDSPFeatureExtractor.swift; sourceTree = "<group>"; };
		0E6B14AD5D4ECFD7612C2114 /* MokugyoSprite.swift */ = {isa = PBXFileReference; lastKnownFileType = sourcecode.swift; path = MokugyoSprite.swift; sourceTree = "<group>"; };
		125838CCA79A95EB3C03DE67 /* AVAudioEngineFixedEQPlaybackBackend.swift */ = {isa = PBXFileReference; lastKnownFileType = sourcecode.swift; path = AVAudioEngineFixedEQPlaybackBackend.swift; sourceTree = "<group>"; };
		1331CC7CB1D1C68D94BA0B3E /* AudioToolbox.framework */ = {isa = PBXFileReference; lastKnownFileType = wrapper.framework; name = AudioToolbox.framework; path = System/Library/Frameworks/AudioToolbox.framework; sourceTree = SDKROOT; };
		1CFBF588CF1E31687794A0D9 /* ParadeSignalReducerTests.swift */ = {isa = PBXFileReference; lastKnownFileType = sourcecode.swift; path = ParadeSignalReducerTests.swift; sourceTree = "<group>"; };
		1D79A2E77CB916AA19944DD4 /* HitotsumeSprite.swift */ = {isa = PBXFileReference; lastKnownFileType = sourcecode.swift; path = HitotsumeSprite.swift; sourceTree = "<group>"; };
		211E911CF2068CBD0C91ED41 /* YokaiResidency.swift */ = {isa = PBXFileReference; lastKnownFileType = sourcecode.swift; path = YokaiResidency.swift; sourceTree = "<group>"; };
		2146EF91A8C1E23B7ECA1744 /* ParadePreviewHarness.swift */ = {isa = PBXFileReference; lastKnownFileType = sourcecode.swift; path = ParadePreviewHarness.swift; sourceTree = "<group>"; };
		25089FD8B7B3584C1950CD9B /* AudioTrackTests.swift */ = {isa = PBXFileReference; lastKnownFileType = sourcecode.swift; path = AudioTrackTests.swift; sourceTree = "<group>"; };
		25C215A13FBD2FF5FA19ECFB /* YagyoPlayerApp.swift */ = {isa = PBXFileReference; lastKnownFileType = sourcecode.swift; path = YagyoPlayerApp.swift; sourceTree = "<group>"; };
		2A3693A3D5090FDEC93959BD /* ContentView.swift */ = {isa = PBXFileReference; lastKnownFileType = sourcecode.swift; path = ContentView.swift; sourceTree = "<group>"; };
		301E9CBCD2076B4C94F2C87F /* MusicKit.framework */ = {isa = PBXFileReference; lastKnownFileType = wrapper.framework; name = MusicKit.framework; path = System/Library/Frameworks/MusicKit.framework; sourceTree = SDKROOT; };
		310C370DF51123CF67276CAF /* MusicUnderstandingAdapterTests.swift */ = {isa = PBXFileReference; lastKnownFileType = sourcecode.swift; path = MusicUnderstandingAdapterTests.swift; sourceTree = "<group>"; };
		3307BD34A38B74684F0A9642 /* FixedEQKernel.swift */ = {isa = PBXFileReference; lastKnownFileType = sourcecode.swift; path = FixedEQKernel.swift; sourceTree = "<group>"; };
		33D8F8BED25A829B3E5EF537 /* AudioLibraryStore.swift */ = {isa = PBXFileReference; lastKnownFileType = sourcecode.swift; path = AudioLibraryStore.swift; sourceTree = "<group>"; };
		37B8FD98D3266CAA432D11EE /* BiquadDesigner.swift */ = {isa = PBXFileReference; lastKnownFileType = sourcecode.swift; path = BiquadDesigner.swift; sourceTree = "<group>"; };
		3DE5F9F7768F2DFC61CCADE3 /* PlaybackBackendSeamTests.swift */ = {isa = PBXFileReference; lastKnownFileType = sourcecode.swift; path = PlaybackBackendSeamTests.swift; sourceTree = "<group>"; };
		3FC204EB0D6A1F11024943AA /* FeatureSnapshot.swift */ = {isa = PBXFileReference; lastKnownFileType = sourcecode.swift; path = FeatureSnapshot.swift; sourceTree = "<group>"; };
		43BAB562AE3CA0460CA4B562 /* PlaylistTests.swift */ = {isa = PBXFileReference; lastKnownFileType = sourcecode.swift; path = PlaylistTests.swift; sourceTree = "<group>"; };
		457B4BF7E2D2B7C17295EDDB /* OfflineFeatureAnalysisService.swift */ = {isa = PBXFileReference; lastKnownFileType = sourcecode.swift; path = OfflineFeatureAnalysisService.swift; sourceTree = "<group>"; };
		5211DC40FD76655C6ACE3BC3 /* FeatureSnapshotTests.swift */ = {isa = PBXFileReference; lastKnownFileType = sourcecode.swift; path = FeatureSnapshotTests.swift; sourceTree = "<group>"; };
		52B6474115C670A861E1F6EC /* YagyoPlayer.app */ = {isa = PBXFileReference; includeInIndex = 0; lastKnownFileType = wrapper.application; path = YagyoPlayer.app; sourceTree = BUILT_PRODUCTS_DIR; };
		5E4301EF50BB65879C796C70 /* MusicUnderstandingAdapter.swift */ = {isa = PBXFileReference; lastKnownFileType = sourcecode.swift; path = MusicUnderstandingAdapter.swift; sourceTree = "<group>"; };
		63FE3280631A2862C69B1D04 /* KappaSprite.swift */ = {isa = PBXFileReference; lastKnownFileType = sourcecode.swift; path = KappaSprite.swift; sourceTree = "<group>"; };
		6481483F4AD486232D9B4BE8 /* FeatureAnalysisSessionTests.swift */ = {isa = PBXFileReference; lastKnownFileType = sourcecode.swift; path = FeatureAnalysisSessionTests.swift; sourceTree = "<group>"; };
		65FBF30807B275C35C41EBEA /* TomoshibiSliderTests.swift */ = {isa = PBXFileReference; lastKnownFileType = sourcecode.swift; path = TomoshibiSliderTests.swift; sourceTree = "<group>"; };
		66B26F6B600C8B8FB1995EFA /* MediaPlayer.framework */ = {isa = PBXFileReference; lastKnownFileType = wrapper.framework; name = MediaPlayer.framework; path = System/Library/Frameworks/MediaPlayer.framework; sourceTree = SDKROOT; };
		6804412D06635CAC50D76D6B /* PixelSpriteContractTests.swift */ = {isa = PBXFileReference; lastKnownFileType = sourcecode.swift; path = PixelSpriteContractTests.swift; sourceTree = "<group>"; };
		68DBF6895ABEFA01CE00C00D /* OniSprite.swift */ = {isa = PBXFileReference; lastKnownFileType = sourcecode.swift; path = OniSprite.swift; sourceTree = "<group>"; };
		6AACE23E11C8265F3EF22D39 /* ParadeSignal.swift */ = {isa = PBXFileReference; lastKnownFileType = sourcecode.swift; path = ParadeSignal.swift; sourceTree = "<group>"; };
		6CBFDBEAB1BDAF919A83350F /* FixedEQAuditionView.swift */ = {isa = PBXFileReference; lastKnownFileType = sourcecode.swift; path = FixedEQAuditionView.swift; sourceTree = "<group>"; };
		6DB6D8B19BCAF942F13B4166 /* ParadeSignalCoordinatorTests.swift */ = {isa = PBXFileReference; lastKnownFileType = sourcecode.swift; path = ParadeSignalCoordinatorTests.swift; sourceTree = "<group>"; };
		6E5A8E92B6A7B6B7C1D4962D /* TobariLoudnessMatch.swift */ = {isa = PBXFileReference; lastKnownFileType = sourcecode.swift; path = TobariLoudnessMatch.swift; sourceTree = "<group>"; };
		72506F033A04DC1A2F5788CC /* YagyoTabTests.swift */ = {isa = PBXFileReference; lastKnownFileType = sourcecode.swift; path = YagyoTabTests.swift; sourceTree = "<group>"; };
		728F7D81A7B4F5146A4DE9DA /* KitsunebiAnalyzer.swift */ = {isa = PBXFileReference; lastKnownFileType = sourcecode.swift; path = KitsunebiAnalyzer.swift; sourceTree = "<group>"; };
		73F7E700B075B3D6666C86F1 /* FixedEQAudioUnitTests.swift */ = {isa = PBXFileReference; lastKnownFileType = sourcecode.swift; path = FixedEQAudioUnitTests.swift; sourceTree = "<group>"; };
		76389A5952E76C7CE5A22B96 /* AudioTrack.swift */ = {isa = PBXFileReference; lastKnownFileType = sourcecode.swift; path = AudioTrack.swift; sourceTree = "<group>"; };
		77E15846350731B2AD7F340D /* KarakasaSprite.swift */ = {isa = PBXFileReference; lastKnownFileType = sourcecode.swift; path = KarakasaSprite.swift; sourceTree = "<group>"; };
		7B3E9103C21666DF09B5B1F8 /* AudioLibraryStoreTests.swift */ = {isa = PBXFileReference; lastKnownFileType = sourcecode.swift; path = AudioLibraryStoreTests.swift; sourceTree = "<group>"; };
		7C108546297C058BDF30B16F /* AppIntents.framework */ = {isa = PBXFileReference; lastKnownFileType = wrapper.framework; name = AppIntents.framework; path = System/Library/Frameworks/AppIntents.framework; sourceTree = SDKROOT; };
		7E06CD6FA3AD454DCD485EF3 /* PlaybackControllerTests.swift */ = {isa = PBXFileReference; lastKnownFileType = sourcecode.swift; path = PlaybackControllerTests.swift; sourceTree = "<group>"; };
		7FEEC5F390CD3E9B6E288C6F /* AVFoundation.framework */ = {isa = PBXFileReference; lastKnownFileType = wrapper.framework; name = AVFoundation.framework; path = System/Library/Frameworks/AVFoundation.framework; sourceTree = SDKROOT; };
		80768D020E90F7F77C39EE3B /* FixedEQAudioUnit.swift */ = {isa = PBXFileReference; lastKnownFileType = sourcecode.swift; path = FixedEQAudioUnit.swift; sourceTree = "<group>"; };
		817E3E6F64CD12B7179418DF /* Info.plist */ = {isa = PBXFileReference; lastKnownFileType = text.plist; path = Info.plist; sourceTree = "<group>"; };
		82313649B4E00E83BE7B7E39 /* PixelSprites.swift */ = {isa = PBXFileReference; lastKnownFileType = sourcecode.swift; path = PixelSprites.swift; sourceTree = "<group>"; };
		8260ACDAEA6A60FE15F832E1 /* PlaylistSection.swift */ = {isa = PBXFileReference; lastKnownFileType = sourcecode.swift; path = PlaylistSection.swift; sourceTree = "<group>"; };
		83946364362D7407E3A367B7 /* TenguSprite.swift */ = {isa = PBXFileReference; lastKnownFileType = sourcecode.swift; path = TenguSprite.swift; sourceTree = "<group>"; };
		84F9AC78171A2B8433ED3B5C /* KitsunebiAnalyzerTests.swift */ = {isa = PBXFileReference; lastKnownFileType = sourcecode.swift; path = KitsunebiAnalyzerTests.swift; sourceTree = "<group>"; };
		859AE3AC7CAF356B3F0CC13A /* FixedEQSnapshotMailbox.swift */ = {isa = PBXFileReference; lastKnownFileType = sourcecode.swift; path = FixedEQSnapshotMailbox.swift; sourceTree = "<group>"; };
		8640BFBB549CB37CBED4C8EE /* FakeAudioPlaybackBackend.swift */ = {isa = PBXFileReference; lastKnownFileType = sourcecode.swift; path = FakeAudioPlaybackBackend.swift; sourceTree = "<group>"; };
		8754CE881480922F8BA507B6 /* ParadeSignalCoordinator.swift */ = {isa = PBXFileReference; lastKnownFileType = sourcecode.swift; path = ParadeSignalCoordinator.swift; sourceTree = "<group>"; };
		8AE27C22EE5C6B775EF69776 /* Playlist.swift */ = {isa = PBXFileReference; lastKnownFileType = sourcecode.swift; path = Playlist.swift; sourceTree = "<group>"; };
		8CD42786F9148F117C2F8DD9 /* SilenceHysteresisTests.swift */ = {isa = PBXFileReference; lastKnownFileType = sourcecode.swift; path = SilenceHysteresisTests.swift; sourceTree = "<group>"; };
		8E4241618E98DC76CC865C96 /* TobariLoudnessMatchTests.swift */ = {isa = PBXFileReference; lastKnownFileType = sourcecode.swift; path = TobariLoudnessMatchTests.swift; sourceTree = "<group>"; };
		99DFADEFD1438C21D0A4F055 /* YagyoParadeView.swift */ = {isa = PBXFileReference; lastKnownFileType = sourcecode.swift; path = YagyoParadeView.swift; sourceTree = "<group>"; };
		9CD4AD4874067B45F463A885 /* BiwaBokubokuSprite.swift */ = {isa = PBXFileReference; lastKnownFileType = sourcecode.swift; path = BiwaBokubokuSprite.swift; sourceTree = "<group>"; };
		9EAFF4117045C3BDB1268CDB /* TobariView.swift */ = {isa = PBXFileReference; lastKnownFileType = sourcecode.swift; path = TobariView.swift; sourceTree = "<group>"; };
		A6962BD1BD5E7CBD3A84AAD8 /* TobariABComparisonView.swift */ = {isa = PBXFileReference; lastKnownFileType = sourcecode.swift; path = TobariABComparisonView.swift; sourceTree = "<group>"; };
		A17C0D7E2026071500000001 /* WoodblockYokaiArt.swift */ = {isa = PBXFileReference; lastKnownFileType = sourcecode.swift; path = WoodblockYokaiArt.swift; sourceTree = "<group>"; };
		A17C0D7E2026071500000003 /* Assets.xcassets */ = {isa = PBXFileReference; lastKnownFileType = folder.assetcatalog; path = Assets.xcassets; sourceTree = "<group>"; };
		B1067EC58308362E47C91EF8 /* YokaiResidencyTests.swift */ = {isa = PBXFileReference; lastKnownFileType = sourcecode.swift; path = YokaiResidencyTests.swift; sourceTree = "<group>"; };
		B13D8A65B01B04F9BD642237 /* VisualComponents.swift */ = {isa = PBXFileReference; lastKnownFileType = sourcecode.swift; path = VisualComponents.swift; sourceTree = "<group>"; };
		B4E5D333C49AE2E227C1355C /* YukiOnnaSprite.swift */ = {isa = PBXFileReference; lastKnownFileType = sourcecode.swift; path = YukiOnnaSprite.swift; sourceTree = "<group>"; };
		B5EA40EBAF54D3B9F3FCD756 /* LegacyAudioPlayerPlaybackBackend.swift */ = {isa = PBXFileReference; lastKnownFileType = sourcecode.swift; path = LegacyAudioPlayerPlaybackBackend.swift; sourceTree = "<group>"; };
		B81C4BE9E308A1B398FCC749 /* PlaybackController.swift */ = {isa = PBXFileReference; lastKnownFileType = sourcecode.swift; path = PlaybackController.swift; sourceTree = "<group>"; };
		BFA4C657F8AD09963CB44EDB /* ParadeQAArtifactTests.swift */ = {isa = PBXFileReference; lastKnownFileType = sourcecode.swift; path = ParadeQAArtifactTests.swift; sourceTree = "<group>"; };
		C0A5355AD2F44BAE551F7959 /* FixedEQKernelTests.swift */ = {isa = PBXFileReference; lastKnownFileType = sourcecode.swift; path = FixedEQKernelTests.swift; sourceTree = "<group>"; };
		C2613ED727D98B69CCA4CBDC /* FixedEQRecipe.swift */ = {isa = PBXFileReference; lastKnownFileType = sourcecode.swift; path = FixedEQRecipe.swift; sourceTree = "<group>"; };
		C65840D328AB5AC39599FEBE /* LibraryConfidenceTests.swift */ = {isa = PBXFileReference; lastKnownFileType = sourcecode.swift; path = LibraryConfidenceTests.swift; sourceTree = "<group>"; };
		C9732B51F1B3925E0D4761DD /* KitsunebiSprite.swift */ = {isa = PBXFileReference; lastKnownFileType = sourcecode.swift; path = KitsunebiSprite.swift; sourceTree = "<group>"; };
		CA6A15F30AA2FF50F2E30F37 /* TobariMetrics.swift */ = {isa = PBXFileReference; lastKnownFileType = sourcecode.swift; path = TobariMetrics.swift; sourceTree = "<group>"; };
		CF9E53A1CCA55E3F98A2D49D /* AVAudioEngineFixedEQPlaybackBackendTests.swift */ = {isa = PBXFileReference; lastKnownFileType = sourcecode.swift; path = AVAudioEngineFixedEQPlaybackBackendTests.swift; sourceTree = "<group>"; };
		D333F352E67C8599E3C81D32 /* AudioPlaybackBackend.swift */ = {isa = PBXFileReference; lastKnownFileType = sourcecode.swift; path = AudioPlaybackBackend.swift; sourceTree = "<group>"; };
		D4064CB3EF411F68D4A279E8 /* SilenceHysteresis.swift */ = {isa = PBXFileReference; lastKnownFileType = sourcecode.swift; path = SilenceHysteresis.swift; sourceTree = "<group>"; };
		D4F855E3DD801B028252BCD6 /* FixedEQRenderProcessor.swift */ = {isa = PBXFileReference; lastKnownFileType = sourcecode.swift; path = FixedEQRenderProcessor.swift; sourceTree = "<group>"; };
		D738D64FCAF63658E3BF2927 /* WindowArtifactExporter.swift */ = {isa = PBXFileReference; lastKnownFileType = sourcecode.swift; path = WindowArtifactExporter.swift; sourceTree = "<group>"; };
		D79B2B99B83398BAB69DC334 /* DesignTokens.swift */ = {isa = PBXFileReference; lastKnownFileType = sourcecode.swift; path = DesignTokens.swift; sourceTree = "<group>"; };
		DDC21A8FC3FC543E1CAE93C0 /* AppRouter.swift */ = {isa = PBXFileReference; lastKnownFileType = sourcecode.swift; path = AppRouter.swift; sourceTree = "<group>"; };
		E123FD672A49450B4214834C /* KarakasaQAArtifactTests.swift */ = {isa = PBXFileReference; lastKnownFileType = sourcecode.swift; path = KarakasaQAArtifactTests.swift; sourceTree = "<group>"; };
		E144B1F5CFE8613E4608DDEE /* FixedEQSnapshotMailboxTests.swift */ = {isa = PBXFileReference; lastKnownFileType = sourcecode.swift; path = FixedEQSnapshotMailboxTests.swift; sourceTree = "<group>"; };
		E3041BBBEE3EE97F35C80624 /* YagyoPlayerTests.xctest */ = {isa = PBXFileReference; includeInIndex = 0; lastKnownFileType = wrapper.cfbundle; path = YagyoPlayerTests.xctest; sourceTree = BUILT_PRODUCTS_DIR; };
		EA706A94AFF32D4A08A9A32F /* Info.plist */ = {isa = PBXFileReference; lastKnownFileType = text.plist; path = Info.plist; sourceTree = "<group>"; };
		FF514A6FB041D11B285D77F3 /* FeatureAnalysisSession.swift */ = {isa = PBXFileReference; lastKnownFileType = sourcecode.swift; path = FeatureAnalysisSession.swift; sourceTree = "<group>"; };
/* End PBXFileReference section */

/* Begin PBXFrameworksBuildPhase section */
		1594231853BD2D3BACEC17AD /* Frameworks */ = {
			isa = PBXFrameworksBuildPhase;
			buildActionMask = 2147483647;
			files = (
				E1F12D8AB5237C46EB410996 /* AVFoundation.framework in Frameworks */,
				98CFF97A7FF55CFD6526BF6F /* AudioToolbox.framework in Frameworks */,
				F9991556DDF047A16C7EABDD /* MediaPlayer.framework in Frameworks */,
				6AB494FB98028D7497DCC50C /* MusicKit.framework in Frameworks */,
				FAF6648B6E5D6DFA7E4E2B98 /* AppIntents.framework in Frameworks */,
			);
			runOnlyForDeploymentPostprocessing = 0;
		};
/* End PBXFrameworksBuildPhase section */

/* Begin PBXGroup section */
		28D8897615A1F5C598839FC8 /* DSP */ = {
			isa = PBXGroup;
			children = (
				37B8FD98D3266CAA432D11EE /* BiquadDesigner.swift */,
				80768D020E90F7F77C39EE3B /* FixedEQAudioUnit.swift */,
				3307BD34A38B74684F0A9642 /* FixedEQKernel.swift */,
				C2613ED727D98B69CCA4CBDC /* FixedEQRecipe.swift */,
				D4F855E3DD801B028252BCD6 /* FixedEQRenderProcessor.swift */,
				859AE3AC7CAF356B3F0CC13A /* FixedEQSnapshotMailbox.swift */,
			);
			path = DSP;
			sourceTree = "<group>";
		};
		2905E51C924926504868ECF7 /* Frameworks */ = {
			isa = PBXGroup;
			children = (
				7C108546297C058BDF30B16F /* AppIntents.framework */,
				1331CC7CB1D1C68D94BA0B3E /* AudioToolbox.framework */,
				7FEEC5F390CD3E9B6E288C6F /* AVFoundation.framework */,
				66B26F6B600C8B8FB1995EFA /* MediaPlayer.framework */,
				301E9CBCD2076B4C94F2C87F /* MusicKit.framework */,
			);
			name = Frameworks;
			sourceTree = "<group>";
		};
		46D09D35FB3796467FB77045 /* Support */ = {
			isa = PBXGroup;
			children = (
				DDC21A8FC3FC543E1CAE93C0 /* AppRouter.swift */,
				D79B2B99B83398BAB69DC334 /* DesignTokens.swift */,
				009132A905A8FFC8AA18D877 /* UshimitsuWatch.swift */,
			);
			path = Support;
			sourceTree = "<group>";
		};
		8D4B73459E41D451F61F3CEB /* TestSupport */ = {
			isa = PBXGroup;
			children = (
				8640BFBB549CB37CBED4C8EE /* FakeAudioPlaybackBackend.swift */,
			);
			path = TestSupport;
			sourceTree = "<group>";
		};
		9107913FF838CD33DB0B5CD7 = {
			isa = PBXGroup;
			children = (
				97FCC1944622139E6A50FB14 /* YagyoPlayer */,
				E513368DB58CA9D28D6F55F9 /* YagyoPlayerTests */,
				2905E51C924926504868ECF7 /* Frameworks */,
				EB1A7F895A7907D277D0D6F6 /* Products */,
			);
			sourceTree = "<group>";
		};
		93A657406EDC74EC63CF6A6E /* Views */ = {
			isa = PBXGroup;
			children = (
				9CD4AD4874067B45F463A885 /* BiwaBokubokuSprite.swift */,
				2A3693A3D5090FDEC93959BD /* ContentView.swift */,
				6CBFDBEAB1BDAF919A83350F /* FixedEQAuditionView.swift */,
				1D79A2E77CB916AA19944DD4 /* HitotsumeSprite.swift */,
				63FE3280631A2862C69B1D04 /* KappaSprite.swift */,
				77E15846350731B2AD7F340D /* KarakasaSprite.swift */,
				C9732B51F1B3925E0D4761DD /* KitsunebiSprite.swift */,
				0E6B14AD5D4ECFD7612C2114 /* MokugyoSprite.swift */,
				68DBF6895ABEFA01CE00C00D /* OniSprite.swift */,
				2146EF91A8C1E23B7ECA1744 /* ParadePreviewHarness.swift */,
				82313649B4E00E83BE7B7E39 /* PixelSprites.swift */,
				8260ACDAEA6A60FE15F832E1 /* PlaylistSection.swift */,
				83946364362D7407E3A367B7 /* TenguSprite.swift */,
				A6962BD1BD5E7CBD3A84AAD8 /* TobariABComparisonView.swift */,
				9EAFF4117045C3BDB1268CDB /* TobariView.swift */,
				B13D8A65B01B04F9BD642237 /* VisualComponents.swift */,
				A17C0D7E2026071500000001 /* WoodblockYokaiArt.swift */,
				99DFADEFD1438C21D0A4F055 /* YagyoParadeView.swift */,
				B4E5D333C49AE2E227C1355C /* YukiOnnaSprite.swift */,
			);
			path = Views;
			sourceTree = "<group>";
		};
		A17C0D7E2026071500000005 /* Resources */ = {
			isa = PBXGroup;
			children = (
				A17C0D7E2026071500000003 /* Assets.xcassets */,
			);
			path = Resources;
			sourceTree = "<group>";
		};
		96A0FCFC23817791C74CB671 /* Audio */ = {
			isa = PBXGroup;
			children = (
				28D8897615A1F5C598839FC8 /* DSP */,
			);
			path = Audio;
			sourceTree = "<group>";
		};
		97FCC1944622139E6A50FB14 /* YagyoPlayer */ = {
			isa = PBXGroup;
			children = (
				EA706A94AFF32D4A08A9A32F /* Info.plist */,
				25C215A13FBD2FF5FA19ECFB /* YagyoPlayerApp.swift */,
				96A0FCFC23817791C74CB671 /* Audio */,
				CF410E415ACC3F8C3E52F9F0 /* Intents */,
				F0F88FD17940D815B43BB257 /* Models */,
				DAA607FD6A61C2602213E678 /* Services */,
				46D09D35FB3796467FB77045 /* Support */,
				A17C0D7E2026071500000005 /* Resources */,
				93A657406EDC74EC63CF6A6E /* Views */,
			);
			path = YagyoPlayer;
			sourceTree = "<group>";
		};
		CF410E415ACC3F8C3E52F9F0 /* Intents */ = {
			isa = PBXGroup;
			children = (
				025BE94FAA9D790E8896BF44 /* YagyoPlayerIntents.swift */,
			);
			path = Intents;
			sourceTree = "<group>";
		};
		DAA607FD6A61C2602213E678 /* Services */ = {
			isa = PBXGroup;
			children = (
				33D8F8BED25A829B3E5EF537 /* AudioLibraryStore.swift */,
				D333F352E67C8599E3C81D32 /* AudioPlaybackBackend.swift */,
				125838CCA79A95EB3C03DE67 /* AVAudioEngineFixedEQPlaybackBackend.swift */,
				0E2A187B3DA755F8D893CD07 /* BoundedDSPFeatureExtractor.swift */,
				FF514A6FB041D11B285D77F3 /* FeatureAnalysisSession.swift */,
				728F7D81A7B4F5146A4DE9DA /* KitsunebiAnalyzer.swift */,
				B5EA40EBAF54D3B9F3FCD756 /* LegacyAudioPlayerPlaybackBackend.swift */,
				5E4301EF50BB65879C796C70 /* MusicUnderstandingAdapter.swift */,
				457B4BF7E2D2B7C17295EDDB /* OfflineFeatureAnalysisService.swift */,
				8754CE881480922F8BA507B6 /* ParadeSignalCoordinator.swift */,
				B81C4BE9E308A1B398FCC749 /* PlaybackController.swift */,
				D4064CB3EF411F68D4A279E8 /* SilenceHysteresis.swift */,
			);
			path = Services;
			sourceTree = "<group>";
		};
		E513368DB58CA9D28D6F55F9 /* YagyoPlayerTests */ = {
			isa = PBXGroup;
			children = (
				7B3E9103C21666DF09B5B1F8 /* AudioLibraryStoreTests.swift */,
				25089FD8B7B3584C1950CD9B /* AudioTrackTests.swift */,
				CF9E53A1CCA55E3F98A2D49D /* AVAudioEngineFixedEQPlaybackBackendTests.swift */,
				6481483F4AD486232D9B4BE8 /* FeatureAnalysisSessionTests.swift */,
				5211DC40FD76655C6ACE3BC3 /* FeatureSnapshotTests.swift */,
				73F7E700B075B3D6666C86F1 /* FixedEQAudioUnitTests.swift */,
				C0A5355AD2F44BAE551F7959 /* FixedEQKernelTests.swift */,
				E144B1F5CFE8613E4608DDEE /* FixedEQSnapshotMailboxTests.swift */,
				817E3E6F64CD12B7179418DF /* Info.plist */,
				E123FD672A49450B4214834C /* KarakasaQAArtifactTests.swift */,
				84F9AC78171A2B8433ED3B5C /* KitsunebiAnalyzerTests.swift */,
				C65840D328AB5AC39599FEBE /* LibraryConfidenceTests.swift */,
				310C370DF51123CF67276CAF /* MusicUnderstandingAdapterTests.swift */,
				BFA4C657F8AD09963CB44EDB /* ParadeQAArtifactTests.swift */,
				6DB6D8B19BCAF942F13B4166 /* ParadeSignalCoordinatorTests.swift */,
				1CFBF588CF1E31687794A0D9 /* ParadeSignalReducerTests.swift */,
				001413CF9A7A8FDF377473F1 /* ParadeSpriteContractTests.swift */,
				6804412D06635CAC50D76D6B /* PixelSpriteContractTests.swift */,
				3DE5F9F7768F2DFC61CCADE3 /* PlaybackBackendSeamTests.swift */,
				7E06CD6FA3AD454DCD485EF3 /* PlaybackControllerTests.swift */,
				43BAB562AE3CA0460CA4B562 /* PlaylistTests.swift */,
				8CD42786F9148F117C2F8DD9 /* SilenceHysteresisTests.swift */,
				8E4241618E98DC76CC865C96 /* TobariLoudnessMatchTests.swift */,
				65FBF30807B275C35C41EBEA /* TomoshibiSliderTests.swift */,
				D738D64FCAF63658E3BF2927 /* WindowArtifactExporter.swift */,
				72506F033A04DC1A2F5788CC /* YagyoTabTests.swift */,
				B1067EC58308362E47C91EF8 /* YokaiResidencyTests.swift */,
				8D4B73459E41D451F61F3CEB /* TestSupport */,
			);
			path = YagyoPlayerTests;
			sourceTree = "<group>";
		};
		EB1A7F895A7907D277D0D6F6 /* Products */ = {
			isa = PBXGroup;
			children = (
				52B6474115C670A861E1F6EC /* YagyoPlayer.app */,
				E3041BBBEE3EE97F35C80624 /* YagyoPlayerTests.xctest */,
			);
			name = Products;
			sourceTree = "<group>";
		};
		F0F88FD17940D815B43BB257 /* Models */ = {
			isa = PBXGroup;
			children = (
				76389A5952E76C7CE5A22B96 /* AudioTrack.swift */,
				3FC204EB0D6A1F11024943AA /* FeatureSnapshot.swift */,
				6AACE23E11C8265F3EF22D39 /* ParadeSignal.swift */,
				8AE27C22EE5C6B775EF69776 /* Playlist.swift */,
				6E5A8E92B6A7B6B7C1D4962D /* TobariLoudnessMatch.swift */,
				CA6A15F30AA2FF50F2E30F37 /* TobariMetrics.swift */,
				211E911CF2068CBD0C91ED41 /* YokaiResidency.swift */,
			);
			path = Models;
			sourceTree = "<group>";
		};
/* End PBXGroup section */

/* Begin PBXNativeTarget section */
		40BC8A4B934A441D483F9151 /* YagyoPlayer */ = {
			isa = PBXNativeTarget;
			buildConfigurationList = F55F04C9E29F856C395DA820 /* Build configuration list for PBXNativeTarget "YagyoPlayer" */;
			buildPhases = (
				B3A5B20598C2FB3AC113FD0B /* Sources */,
				1594231853BD2D3BACEC17AD /* Frameworks */,
				A17C0D7E2026071500000006 /* Resources */,
			);
			buildRules = (
			);
			dependencies = (
			);
			name = YagyoPlayer;
			packageProductDependencies = (
			);
			productName = YagyoPlayer;
			productReference = 52B6474115C670A861E1F6EC /* YagyoPlayer.app */;
			productType = "com.apple.product-type.application";
		};
		D6F1D001A9F4932966B529B4 /* YagyoPlayerTests */ = {
			isa = PBXNativeTarget;
			buildConfigurationList = 82FAA49B5082355F835F648F /* Build configuration list for PBXNativeTarget "YagyoPlayerTests" */;
			buildPhases = (
				174B075A6A809C65629887D3 /* Sources */,
			);
			buildRules = (
			);
			dependencies = (
				09F05F85E10A1A2310D22DE0 /* PBXTargetDependency */,
			);
			name = YagyoPlayerTests;
			packageProductDependencies = (
			);
			productName = YagyoPlayerTests;
			productReference = E3041BBBEE3EE97F35C80624 /* YagyoPlayerTests.xctest */;
			productType = "com.apple.product-type.bundle.unit-test";
		};
/* End PBXNativeTarget section */

/* Begin PBXProject section */
		CF8CB9810328B181900DCC11 /* Project object */ = {
			isa = PBXProject;
			attributes = {
				BuildIndependentTargetsInParallel = YES;
				LastUpgradeCheck = 1430;
				TargetAttributes = {
					40BC8A4B934A441D483F9151 = {
						DevelopmentTeam = "";
						ProvisioningStyle = Automatic;
					};
					D6F1D001A9F4932966B529B4 = {
						DevelopmentTeam = "";
					};
				};
			};
			buildConfigurationList = 1D7D1BCD7A820DC04A0AAA1B /* Build configuration list for PBXProject "YagyoPlayer" */;
			developmentRegion = en;
			hasScannedForEncodings = 0;
			knownRegions = (
				Base,
				en,
			);
			mainGroup = 9107913FF838CD33DB0B5CD7;
			minimizedProjectReferenceProxies = 1;
			preferredProjectObjectVersion = 77;
			productRefGroup = EB1A7F895A7907D277D0D6F6 /* Products */;
			projectDirPath = "";
			projectRoot = "";
			targets = (
				40BC8A4B934A441D483F9151 /* YagyoPlayer */,
				D6F1D001A9F4932966B529B4 /* YagyoPlayerTests */,
			);
		};
/* End PBXProject section */

/* Begin PBXResourcesBuildPhase section */
		A17C0D7E2026071500000006 /* Resources */ = {
			isa = PBXResourcesBuildPhase;
			buildActionMask = 2147483647;
			files = (
				A17C0D7E2026071500000004 /* Assets.xcassets in Resources */,
			);
			runOnlyForDeploymentPostprocessing = 0;
		};
/* End PBXResourcesBuildPhase section */

/* Begin PBXSourcesBuildPhase section */
		174B075A6A809C65629887D3 /* Sources */ = {
			isa = PBXSourcesBuildPhase;
			buildActionMask = 2147483647;
			files = (
				A12F1828F8B2CBD01E4748A1 /* AVAudioEngineFixedEQPlaybackBackendTests.swift in Sources */,
				B3F5B378204D7103FD8928A7 /* AudioLibraryStoreTests.swift in Sources */,
				8D11AB6599E537AB3E159AEF /* AudioTrackTests.swift in Sources */,
				ECB9B961AB1D5F71E3F61EF5 /* FakeAudioPlaybackBackend.swift in Sources */,
				7F4D03B941FA2B49F50C8984 /* FeatureAnalysisSessionTests.swift in Sources */,
				31B29F5B4E2FD8864BD82682 /* FeatureSnapshotTests.swift in Sources */,
				109C54EF853A7334C78481A0 /* FixedEQAudioUnitTests.swift in Sources */,
				BD6EAC89A80210345C3D4B37 /* FixedEQKernelTests.swift in Sources */,
				5C1BAE2A1A25EBA9201CF6C3 /* FixedEQSnapshotMailboxTests.swift in Sources */,
				C687972DD9B5BA09D861976D /* KarakasaQAArtifactTests.swift in Sources */,
				5FD9162030ABDABD79B384FD /* KitsunebiAnalyzerTests.swift in Sources */,
				C30AFF1D77D6C0C74B7ECFAB /* LibraryConfidenceTests.swift in Sources */,
				2DDA0E3DECA961E8682039D8 /* MusicUnderstandingAdapterTests.swift in Sources */,
				87EEDAAE3677EE2CDC73D937 /* ParadeQAArtifactTests.swift in Sources */,
				31E839318B25BEE3D93AD344 /* ParadeSignalCoordinatorTests.swift in Sources */,
				5759F5907B82DE951D4188A7 /* ParadeSignalReducerTests.swift in Sources */,
				428783E63D2D0AE684903631 /* ParadeSpriteContractTests.swift in Sources */,
				174EE8DDA534F3C9230CD81D /* PixelSpriteContractTests.swift in Sources */,
				2AF48E8F6D443C0FB41E0C6B /* PlaybackBackendSeamTests.swift in Sources */,
				3A2A8EAA663E2ADB181E7205 /* PlaybackControllerTests.swift in Sources */,
				A9BE8B0491943FD5F76C952C /* PlaylistTests.swift in Sources */,
				3B79F67DA3B908DD88EB69B5 /* SilenceHysteresisTests.swift in Sources */,
				C392BA0875D11700DCB20ED4 /* TobariLoudnessMatchTests.swift in Sources */,
				3CB032384D69A7037A7559DA /* TomoshibiSliderTests.swift in Sources */,
				A2212F5DAF17CF036C169C99 /* WindowArtifactExporter.swift in Sources */,
				6A61FDD9C6617E9A21D65E64 /* YagyoTabTests.swift in Sources */,
				D83865F160C3623300CFE864 /* YokaiResidencyTests.swift in Sources */,
			);
			runOnlyForDeploymentPostprocessing = 0;
		};
		B3A5B20598C2FB3AC113FD0B /* Sources */ = {
			isa = PBXSourcesBuildPhase;
			buildActionMask = 2147483647;
			files = (
				7DE875CBC9ABF1F61CBA3C00 /* AVAudioEngineFixedEQPlaybackBackend.swift in Sources */,
				E208F7A31178FF01D3AF158D /* AppRouter.swift in Sources */,
				E94E4371E099F8F5F912DF8E /* AudioLibraryStore.swift in Sources */,
				F8AD9D1EE7CAE2C83936CD68 /* AudioPlaybackBackend.swift in Sources */,
				ED30E11EDA4E3545119F08D0 /* AudioTrack.swift in Sources */,
				51698EEC81A23E6110904181 /* BiquadDesigner.swift in Sources */,
				96F4A4741E10379E249365C3 /* BiwaBokubokuSprite.swift in Sources */,
				DD42BBE7C75555D87D342C9D /* BoundedDSPFeatureExtractor.swift in Sources */,
				F553274643EE8B8A838C9B97 /* ContentView.swift in Sources */,
				250E9A7346FB7374DD1960B8 /* DesignTokens.swift in Sources */,
				8522FFE32037C8C36A89D7AF /* FeatureAnalysisSession.swift in Sources */,
				101CE259839474C38B5F028F /* FeatureSnapshot.swift in Sources */,
				9E24A0149621D32F0C16EFC4 /* FixedEQAudioUnit.swift in Sources */,
				9149070558F6F4EF58D1FB08 /* FixedEQAuditionView.swift in Sources */,
				C652A8F8617C9DA90AB00020 /* FixedEQKernel.swift in Sources */,
				07FCB9846E54F1FA1143DBE3 /* FixedEQRecipe.swift in Sources */,
				AD5AB2D1A50254B40EEF72B5 /* FixedEQRenderProcessor.swift in Sources */,
				C360A6B4258A1DDE87C74184 /* FixedEQSnapshotMailbox.swift in Sources */,
				62B57FB29513773755F9DC31 /* HitotsumeSprite.swift in Sources */,
				FF98ED5802826FFDADD44189 /* KappaSprite.swift in Sources */,
				5A52863C6DB5F98ECA8D660C /* KarakasaSprite.swift in Sources */,
				D47882C1E920122B25AFAC67 /* KitsunebiAnalyzer.swift in Sources */,
				38B7F549F94B4CFF5149FFA3 /* KitsunebiSprite.swift in Sources */,
				8D65C6848CFDD7EEB4CBEB9F /* LegacyAudioPlayerPlaybackBackend.swift in Sources */,
				1FE70D7A7E46D7B27565B9E7 /* MokugyoSprite.swift in Sources */,
				2406EC38E127A6C91FCBE26B /* MusicUnderstandingAdapter.swift in Sources */,
				BEDBC84C7507B0D658ED5FF4 /* OfflineFeatureAnalysisService.swift in Sources */,
				D257D988D8E7900D0F493B22 /* OniSprite.swift in Sources */,
				6C4CC5C120FDC8B7C00999AD /* ParadePreviewHarness.swift in Sources */,
				8C0AD7765907DC32D5C43034 /* ParadeSignal.swift in Sources */,
				8B4DE6F10F3505EBE456237A /* ParadeSignalCoordinator.swift in Sources */,
				D8BDCB51518C4D326E8126FD /* PixelSprites.swift in Sources */,
				6CF615A930DE9D845F3F57C3 /* PlaybackController.swift in Sources */,
				B89BF864B9C26F21D2722D93 /* Playlist.swift in Sources */,
				61BAD1FE4C2E56B48EDA17E6 /* PlaylistSection.swift in Sources */,
				70A06572EC160E8B5190BBE9 /* SilenceHysteresis.swift in Sources */,
				FC05AA913DF02F6DCEA9BC9F /* TenguSprite.swift in Sources */,
				9C87F037E1FFF63735C2C70C /* TobariABComparisonView.swift in Sources */,
				B1963241AF49C8AE682947DA /* TobariLoudnessMatch.swift in Sources */,
				2132FE71B2915F38C48988C4 /* TobariMetrics.swift in Sources */,
				546B53B8117CC4C83804A589 /* TobariView.swift in Sources */,
				3E00AE61C5997249328D5DB6 /* UshimitsuWatch.swift in Sources */,
				B19BADCB0624C48620272C1D /* VisualComponents.swift in Sources */,
				A17C0D7E2026071500000002 /* WoodblockYokaiArt.swift in Sources */,
				F277B9BD9D60634F9BDF94A4 /* YagyoParadeView.swift in Sources */,
				A703B0828489B95B8B9FB869 /* YagyoPlayerApp.swift in Sources */,
				B4C130EA40CACEAF7872EDED /* YagyoPlayerIntents.swift in Sources */,
				08565A8E00FC14E57CFDE559 /* YokaiResidency.swift in Sources */,
				0F6FBE0EB4856809EED5B22E /* YukiOnnaSprite.swift in Sources */,
			);
			runOnlyForDeploymentPostprocessing = 0;
		};
/* End PBXSourcesBuildPhase section */

/* Begin PBXTargetDependency section */
		09F05F85E10A1A2310D22DE0 /* PBXTargetDependency */ = {
			isa = PBXTargetDependency;
			target = 40BC8A4B934A441D483F9151 /* YagyoPlayer */;
			targetProxy = 0D3D16D39FD3B9E1CD06C5DF /* PBXContainerItemProxy */;
		};
/* End PBXTargetDependency section */

/* Begin XCBuildConfiguration section */
		030C3C5E415F0B324CE85434 /* Release */ = {
			isa = XCBuildConfiguration;
			buildSettings = {
				BUNDLE_LOADER = "$(TEST_HOST)";
				INFOPLIST_FILE = YagyoPlayerTests/Info.plist;
				IPHONEOS_DEPLOYMENT_TARGET = 26.0;
				LD_RUNPATH_SEARCH_PATHS = (
					"$(inherited)",
					"@executable_path/Frameworks",
					"@loader_path/Frameworks",
				);
				PRODUCT_BUNDLE_IDENTIFIER = com.codex.yagyoplayer.tests;
				SDKROOT = iphoneos;
				TARGETED_DEVICE_FAMILY = "1,2";
				TEST_HOST = "$(BUILT_PRODUCTS_DIR)/YagyoPlayer.app/YagyoPlayer";
			};
			name = Release;
		};
		0C75C7C28F69CBC8C17BAE83 /* Release */ = {
			isa = XCBuildConfiguration;
			buildSettings = {
				ALWAYS_SEARCH_USER_PATHS = NO;
				CLANG_ANALYZER_NONNULL = YES;
				CLANG_ANALYZER_NUMBER_OBJECT_CONVERSION = YES_AGGRESSIVE;
				CLANG_CXX_LANGUAGE_STANDARD = "gnu++14";
				CLANG_CXX_LIBRARY = "libc++";
				CLANG_ENABLE_MODULES = YES;
				CLANG_ENABLE_OBJC_ARC = YES;
				CLANG_ENABLE_OBJC_WEAK = YES;
				CLANG_WARN_BLOCK_CAPTURE_AUTORELEASING = YES;
				CLANG_WARN_BOOL_CONVERSION = YES;
				CLANG_WARN_COMMA = YES;
				CLANG_WARN_CONSTANT_CONVERSION = YES;
				CLANG_WARN_DEPRECATED_OBJC_IMPLEMENTATIONS = YES;
				CLANG_WARN_DIRECT_OBJC_ISA_USAGE = YES_ERROR;
				CLANG_WARN_DOCUMENTATION_COMMENTS = YES;
				CLANG_WARN_EMPTY_BODY = YES;
				CLANG_WARN_ENUM_CONVERSION = YES;
				CLANG_WARN_INFINITE_RECURSION = YES;
				CLANG_WARN_INT_CONVERSION = YES;
				CLANG_WARN_NON_LITERAL_NULL_CONVERSION = YES;
				CLANG_WARN_OBJC_IMPLICIT_RETAIN_SELF = YES;
				CLANG_WARN_OBJC_LITERAL_CONVERSION = YES;
				CLANG_WARN_OBJC_ROOT_CLASS = YES_ERROR;
				CLANG_WARN_QUOTED_INCLUDE_IN_FRAMEWORK_HEADER = YES;
				CLANG_WARN_RANGE_LOOP_ANALYSIS = YES;
				CLANG_WARN_STRICT_PROTOTYPES = YES;
				CLANG_WARN_SUSPICIOUS_MOVE = YES;
				CLANG_WARN_UNGUARDED_AVAILABILITY = YES_AGGRESSIVE;
				CLANG_WARN_UNREACHABLE_CODE = YES;
				CLANG_WARN__DUPLICATE_METHOD_MATCH = YES;
				COPY_PHASE_STRIP = NO;
				DEBUG_INFORMATION_FORMAT = "dwarf-with-dsym";
				DEVELOPMENT_TEAM = "";
				ENABLE_NS_ASSERTIONS = NO;
				ENABLE_STRICT_OBJC_MSGSEND = YES;
				GCC_C_LANGUAGE_STANDARD = gnu11;
				GCC_NO_COMMON_BLOCKS = YES;
				GCC_WARN_64_TO_32_BIT_CONVERSION = YES;
				GCC_WARN_ABOUT_RETURN_TYPE = YES_ERROR;
				GCC_WARN_UNDECLARED_SELECTOR = YES;
				GCC_WARN_UNINITIALIZED_AUTOS = YES_AGGRESSIVE;
				GCC_WARN_UNUSED_FUNCTION = YES;
				GCC_WARN_UNUSED_VARIABLE = YES;
				IPHONEOS_DEPLOYMENT_TARGET = 26.0;
				MTL_ENABLE_DEBUG_INFO = NO;
				MTL_FAST_MATH = YES;
				PRODUCT_NAME = "$(TARGET_NAME)";
				SDKROOT = iphoneos;
				SWIFT_COMPILATION_MODE = wholemodule;
				SWIFT_OPTIMIZATION_LEVEL = "-O";
				SWIFT_VERSION = 6.0;
			};
			name = Release;
		};
		1732539E0C25AF8D31175E77 /* Release */ = {
			isa = XCBuildConfiguration;
			buildSettings = {
				ASSETCATALOG_COMPILER_APPICON_NAME = AppIcon;
				CODE_SIGN_IDENTITY = "iPhone Developer";
				CODE_SIGN_STYLE = Automatic;
				CURRENT_PROJECT_VERSION = 1;
				INFOPLIST_FILE = YagyoPlayer/Info.plist;
				IPHONEOS_DEPLOYMENT_TARGET = 26.0;
				LD_RUNPATH_SEARCH_PATHS = (
					"$(inherited)",
					"@executable_path/Frameworks",
				);
				MARKETING_VERSION = 1.0;
				PRODUCT_BUNDLE_IDENTIFIER = com.codex.yagyoplayer;
				SDKROOT = iphoneos;
				TARGETED_DEVICE_FAMILY = 1;
			};
			name = Release;
		};
		7179409AA91E9BE338232D13 /* Debug */ = {
			isa = XCBuildConfiguration;
			buildSettings = {
				ASSETCATALOG_COMPILER_APPICON_NAME = AppIcon;
				CODE_SIGN_IDENTITY = "iPhone Developer";
				CODE_SIGN_STYLE = Automatic;
				CURRENT_PROJECT_VERSION = 1;
				INFOPLIST_FILE = YagyoPlayer/Info.plist;
				IPHONEOS_DEPLOYMENT_TARGET = 26.0;
				LD_RUNPATH_SEARCH_PATHS = (
					"$(inherited)",
					"@executable_path/Frameworks",
				);
				MARKETING_VERSION = 1.0;
				PRODUCT_BUNDLE_IDENTIFIER = com.codex.yagyoplayer;
				SDKROOT = iphoneos;
				TARGETED_DEVICE_FAMILY = 1;
			};
			name = Debug;
		};
		756D50DEA88FBFE59108FCFC /* Debug */ = {
			isa = XCBuildConfiguration;
			buildSettings = {
				BUNDLE_LOADER = "$(TEST_HOST)";
				INFOPLIST_FILE = YagyoPlayerTests/Info.plist;
				IPHONEOS_DEPLOYMENT_TARGET = 26.0;
				LD_RUNPATH_SEARCH_PATHS = (
					"$(inherited)",
					"@executable_path/Frameworks",
					"@loader_path/Frameworks",
				);
				PRODUCT_BUNDLE_IDENTIFIER = com.codex.yagyoplayer.tests;
				SDKROOT = iphoneos;
				TARGETED_DEVICE_FAMILY = "1,2";
				TEST_HOST = "$(BUILT_PRODUCTS_DIR)/YagyoPlayer.app/YagyoPlayer";
			};
			name = Debug;
		};
		823D02C804E00EA5009D80A6 /* Debug */ = {
			isa = XCBuildConfiguration;
			buildSettings = {
				ALWAYS_SEARCH_USER_PATHS = NO;
				CLANG_ANALYZER_NONNULL = YES;
				CLANG_ANALYZER_NUMBER_OBJECT_CONVERSION = YES_AGGRESSIVE;
				CLANG_CXX_LANGUAGE_STANDARD = "gnu++14";
				CLANG_CXX_LIBRARY = "libc++";
				CLANG_ENABLE_MODULES = YES;
				CLANG_ENABLE_OBJC_ARC = YES;
				CLANG_ENABLE_OBJC_WEAK = YES;
				CLANG_WARN_BLOCK_CAPTURE_AUTORELEASING = YES;
				CLANG_WARN_BOOL_CONVERSION = YES;
				CLANG_WARN_COMMA = YES;
				CLANG_WARN_CONSTANT_CONVERSION = YES;
				CLANG_WARN_DEPRECATED_OBJC_IMPLEMENTATIONS = YES;
				CLANG_WARN_DIRECT_OBJC_ISA_USAGE = YES_ERROR;
				CLANG_WARN_DOCUMENTATION_COMMENTS = YES;
				CLANG_WARN_EMPTY_BODY = YES;
				CLANG_WARN_ENUM_CONVERSION = YES;
				CLANG_WARN_INFINITE_RECURSION = YES;
				CLANG_WARN_INT_CONVERSION = YES;
				CLANG_WARN_NON_LITERAL_NULL_CONVERSION = YES;
				CLANG_WARN_OBJC_IMPLICIT_RETAIN_SELF = YES;
				CLANG_WARN_OBJC_LITERAL_CONVERSION = YES;
				CLANG_WARN_OBJC_ROOT_CLASS = YES_ERROR;
				CLANG_WARN_QUOTED_INCLUDE_IN_FRAMEWORK_HEADER = YES;
				CLANG_WARN_RANGE_LOOP_ANALYSIS = YES;
				CLANG_WARN_STRICT_PROTOTYPES = YES;
				CLANG_WARN_SUSPICIOUS_MOVE = YES;
				CLANG_WARN_UNGUARDED_AVAILABILITY = YES_AGGRESSIVE;
				CLANG_WARN_UNREACHABLE_CODE = YES;
				CLANG_WARN__DUPLICATE_METHOD_MATCH = YES;
				COPY_PHASE_STRIP = NO;
				DEBUG_INFORMATION_FORMAT = dwarf;
				DEVELOPMENT_TEAM = "";
				ENABLE_STRICT_OBJC_MSGSEND = YES;
				ENABLE_TESTABILITY = YES;
				GCC_C_LANGUAGE_STANDARD = gnu11;
				GCC_DYNAMIC_NO_PIC = NO;
				GCC_NO_COMMON_BLOCKS = YES;
				GCC_OPTIMIZATION_LEVEL = 0;
				GCC_PREPROCESSOR_DEFINITIONS = (
					"$(inherited)",
					"DEBUG=1",
				);
				GCC_WARN_64_TO_32_BIT_CONVERSION = YES;
				GCC_WARN_ABOUT_RETURN_TYPE = YES_ERROR;
				GCC_WARN_UNDECLARED_SELECTOR = YES;
				GCC_WARN_UNINITIALIZED_AUTOS = YES_AGGRESSIVE;
				GCC_WARN_UNUSED_FUNCTION = YES;
				GCC_WARN_UNUSED_VARIABLE = YES;
				IPHONEOS_DEPLOYMENT_TARGET = 26.0;
				MTL_ENABLE_DEBUG_INFO = INCLUDE_SOURCE;
				MTL_FAST_MATH = YES;
				ONLY_ACTIVE_ARCH = YES;
				PRODUCT_NAME = "$(TARGET_NAME)";
				SDKROOT = iphoneos;
				SWIFT_ACTIVE_COMPILATION_CONDITIONS = DEBUG;
				SWIFT_OPTIMIZATION_LEVEL = "-Onone";
				SWIFT_VERSION = 6.0;
			};
			name = Debug;
		};
/* End XCBuildConfiguration section */

/* Begin XCConfigurationList section */
		1D7D1BCD7A820DC04A0AAA1B /* Build configuration list for PBXProject "YagyoPlayer" */ = {
			isa = XCConfigurationList;
			buildConfigurations = (
				823D02C804E00EA5009D80A6 /* Debug */,
				0C75C7C28F69CBC8C17BAE83 /* Release */,
			);
			defaultConfigurationIsVisible = 0;
			defaultConfigurationName = Debug;
		};
		82FAA49B5082355F835F648F /* Build configuration list for PBXNativeTarget "YagyoPlayerTests" */ = {
			isa = XCConfigurationList;
			buildConfigurations = (
				756D50DEA88FBFE59108FCFC /* Debug */,
				030C3C5E415F0B324CE85434 /* Release */,
			);
			defaultConfigurationIsVisible = 0;
			defaultConfigurationName = Debug;
		};
		F55F04C9E29F856C395DA820 /* Build configuration list for PBXNativeTarget "YagyoPlayer" */ = {
			isa = XCConfigurationList;
			buildConfigurations = (
				7179409AA91E9BE338232D13 /* Debug */,
				1732539E0C25AF8D31175E77 /* Release */,
			);
			defaultConfigurationIsVisible = 0;
			defaultConfigurationName = Debug;
		};
/* End XCConfigurationList section */
	};
	rootObject = CF8CB9810328B181900DCC11 /* Project object */;
}
